// !$*UTF8*$!
{
	archiveVersion = 1;
	classes = {
	};
	objectVersion = 46;
	objects = {

/* Begin PBXBuildFile section */
		200D57211D873E3E0002BFD2 /* PlayerNode.swift in Sources */ = {isa = PBXBuildFile; fileRef = 200D57201D873E3E0002BFD2 /* PlayerNode.swift */; };
		20415C791D8A1D4000AB1F0D /* SinkNode.swift in Sources */ = {isa = PBXBuildFile; fileRef = 20415C781D8A1D4000AB1F0D /* SinkNode.swift */; };
		204663D31D795A4C0019B96A /* AppDelegate.swift in Sources */ = {isa = PBXBuildFile; fileRef = 204663D21D795A4C0019B96A /* AppDelegate.swift */; };
		204663D91D795A4C0019B96A /* GameViewController.swift in Sources */ = {isa = PBXBuildFile; fileRef = 204663D81D795A4C0019B96A /* GameViewController.swift */; };
		204663DC1D795A4C0019B96A /* Main.storyboard in Resources */ = {isa = PBXBuildFile; fileRef = 204663DA1D795A4C0019B96A /* Main.storyboard */; };
		204663DE1D795A4C0019B96A /* Assets.xcassets in Resources */ = {isa = PBXBuildFile; fileRef = 204663DD1D795A4C0019B96A /* Assets.xcassets */; };
		204663E11D795A4C0019B96A /* LaunchScreen.storyboard in Resources */ = {isa = PBXBuildFile; fileRef = 204663DF1D795A4C0019B96A /* LaunchScreen.storyboard */; };
		204663E91D79615A0019B96A /* GameLevelModel.swift in Sources */ = {isa = PBXBuildFile; fileRef = 204663E81D79615A0019B96A /* GameLevelModel.swift */; };
		204663EB1D7963A00019B96A /* GameLevelDesignInfo.swift in Sources */ = {isa = PBXBuildFile; fileRef = 204663EA1D7963A00019B96A /* GameLevelDesignInfo.swift */; };
		2065409A1D7C16590082D92D /* GeneralConstants.swift in Sources */ = {isa = PBXBuildFile; fileRef = 206540991D7C16590082D92D /* GeneralConstants.swift */; };
		2079F8631D86094000F74E4E /* LevelsPlan.swift in Sources */ = {isa = PBXBuildFile; fileRef = 2079F8621D86094000F74E4E /* LevelsPlan.swift */; };
		2097BF991D7E252A00E59D12 /* GameLevelScene.swift in Sources */ = {isa = PBXBuildFile; fileRef = 2097BF981D7E252A00E59D12 /* GameLevelScene.swift */; };
		2097BF9B1D7E254700E59D12 /* InstructionsScence.swift in Sources */ = {isa = PBXBuildFile; fileRef = 2097BF9A1D7E254700E59D12 /* InstructionsScence.swift */; };
		2097BF9D1D7E256000E59D12 /* IntroScene.swift in Sources */ = {isa = PBXBuildFile; fileRef = 2097BF9C1D7E256000E59D12 /* IntroScene.swift */; };
		2097BF9F1D7E257900E59D12 /* MenuScene.swift in Sources */ = {isa = PBXBuildFile; fileRef = 2097BF9E1D7E257900E59D12 /* MenuScene.swift */; };
		2097BFA31D7E3C3900E59D12 /* MenuScene.sks in Resources */ = {isa = PBXBuildFile; fileRef = 2097BFA21D7E3C3900E59D12 /* MenuScene.sks */; };
		2097BFA51D7E3C5500E59D12 /* GameLevelScene.sks in Resources */ = {isa = PBXBuildFile; fileRef = 2097BFA41D7E3C5500E59D12 /* GameLevelScene.sks */; };
		2097BFA71D7E3C9800E59D12 /* IntroScene.sks in Resources */ = {isa = PBXBuildFile; fileRef = 2097BFA61D7E3C9800E59D12 /* IntroScene.sks */; };
		2097BFA91D7E3CBB00E59D12 /* InstructionsScene.sks in Resources */ = {isa = PBXBuildFile; fileRef = 2097BFA81D7E3CBB00E59D12 /* InstructionsScene.sks */; };
		20A7CC501D8AE68E00A06482 /* sms-alert-1-daniel_simon.wav in Resources */ = {isa = PBXBuildFile; fileRef = 20A7CC4F1D8AE68E00A06482 /* sms-alert-1-daniel_simon.wav */; };
		20B1257F1D8CAE4C0022EAFA /* AfterLevelScene.sks in Resources */ = {isa = PBXBuildFile; fileRef = 20B1257E1D8CAE4C0022EAFA /* AfterLevelScene.sks */; };
		20B125821D8CB97C0022EAFA /* AfterLevelScene.swift in Sources */ = {isa = PBXBuildFile; fileRef = 20B125811D8CB97C0022EAFA /* AfterLevelScene.swift */; };
		20B125841D8CB9E90022EAFA /* FactScene.sks in Resources */ = {isa = PBXBuildFile; fileRef = 20B125831D8CB9E90022EAFA /* FactScene.sks */; };
		20B125861D8CBA200022EAFA /* FactScene.swift in Sources */ = {isa = PBXBuildFile; fileRef = 20B125851D8CBA200022EAFA /* FactScene.swift */; };
		20B856A41D803DC1000BFDE7 /* iphone6sBoundaryObstacle.plist in Resources */ = {isa = PBXBuildFile; fileRef = 20B856A31D803DC1000BFDE7 /* iphone6sBoundaryObstacle.plist */; };
		20C565741D8105380011846E /* Plist.swift in Sources */ = {isa = PBXBuildFile; fileRef = 20C565731D8105380011846E /* Plist.swift */; };
		20C565761D82BDA50011846E /* hitMetal.wav in Resources */ = {isa = PBXBuildFile; fileRef = 20C565751D82BDA50011846E /* hitMetal.wav */; };
		20D2F9851D894D360081AA19 /* OperatorNode.swift in Sources */ = {isa = PBXBuildFile; fileRef = 20D2F9841D894D360081AA19 /* OperatorNode.swift */; };
		20F01EB71D8ADDA800E12054 /* smashing.wav in Resources */ = {isa = PBXBuildFile; fileRef = 20F01EB61D8ADDA800E12054 /* smashing.wav */; };
		20F01EB91D8ADDC000E12054 /* chinese-gong-daniel_simon.wav in Resources */ = {isa = PBXBuildFile; fileRef = 20F01EB81D8ADDC000E12054 /* chinese-gong-daniel_simon.wav */; };
/* End PBXBuildFile section */

/* Begin PBXFileReference section */
		200D57201D873E3E0002BFD2 /* PlayerNode.swift */ = {isa = PBXFileReference; fileEncoding = 4; lastKnownFileType = sourcecode.swift; name = PlayerNode.swift; path = ../PlayerNode.swift; sourceTree = "<group>"; };
		20415C781D8A1D4000AB1F0D /* SinkNode.swift */ = {isa = PBXFileReference; fileEncoding = 4; lastKnownFileType = sourcecode.swift; path = SinkNode.swift; sourceTree = "<group>"; };
		204663CF1D795A4C0019B96A /* Square Root Marbles.app */ = {isa = PBXFileReference; explicitFileType = wrapper.application; includeInIndex = 0; path = "Square Root Marbles.app"; sourceTree = BUILT_PRODUCTS_DIR; };
		204663D21D795A4C0019B96A /* AppDelegate.swift */ = {isa = PBXFileReference; lastKnownFileType = sourcecode.swift; path = AppDelegate.swift; sourceTree = "<group>"; };
		204663D81D795A4C0019B96A /* GameViewController.swift */ = {isa = PBXFileReference; lastKnownFileType = sourcecode.swift; path = GameViewController.swift; sourceTree = "<group>"; };
		204663DB1D795A4C0019B96A /* Base */ = {isa = PBXFileReference; lastKnownFileType = file.storyboard; name = Base; path = Base.lproj/Main.storyboard; sourceTree = "<group>"; };
		204663DD1D795A4C0019B96A /* Assets.xcassets */ = {isa = PBXFileReference; lastKnownFileType = folder.assetcatalog; path = Assets.xcassets; sourceTree = "<group>"; };
		204663E01D795A4C0019B96A /* Base */ = {isa = PBXFileReference; lastKnownFileType = file.storyboard; name = Base; path = Base.lproj/LaunchScreen.storyboard; sourceTree = "<group>"; };
		204663E21D795A4C0019B96A /* Info.plist */ = {isa = PBXFileReference; lastKnownFileType = text.plist.xml; path = Info.plist; sourceTree = "<group>"; };
		204663E81D79615A0019B96A /* GameLevelModel.swift */ = {isa = PBXFileReference; fileEncoding = 4; lastKnownFileType = sourcecode.swift; path = GameLevelModel.swift; sourceTree = "<group>"; };
		204663EA1D7963A00019B96A /* GameLevelDesignInfo.swift */ = {isa = PBXFileReference; fileEncoding = 4; lastKnownFileType = sourcecode.swift; path = GameLevelDesignInfo.swift; sourceTree = "<group>"; };
		206540991D7C16590082D92D /* GeneralConstants.swift */ = {isa = PBXFileReference; fileEncoding = 4; lastKnownFileType = sourcecode.swift; path = GeneralConstants.swift; sourceTree = "<group>"; };
		2079F8621D86094000F74E4E /* LevelsPlan.swift */ = {isa = PBXFileReference; fileEncoding = 4; lastKnownFileType = sourcecode.swift; path = LevelsPlan.swift; sourceTree = "<group>"; };
		2097BF981D7E252A00E59D12 /* GameLevelScene.swift */ = {isa = PBXFileReference; fileEncoding = 4; lastKnownFileType = sourcecode.swift; path = GameLevelScene.swift; sourceTree = "<group>"; };
		2097BF9A1D7E254700E59D12 /* InstructionsScence.swift */ = {isa = PBXFileReference; fileEncoding = 4; lastKnownFileType = sourcecode.swift; path = InstructionsScence.swift; sourceTree = "<group>"; };
		2097BF9C1D7E256000E59D12 /* IntroScene.swift */ = {isa = PBXFileReference; fileEncoding = 4; lastKnownFileType = sourcecode.swift; path = IntroScene.swift; sourceTree = "<group>"; };
		2097BF9E1D7E257900E59D12 /* MenuScene.swift */ = {isa = PBXFileReference; fileEncoding = 4; lastKnownFileType = sourcecode.swift; path = MenuScene.swift; sourceTree = "<group>"; };
		2097BFA21D7E3C3900E59D12 /* MenuScene.sks */ = {isa = PBXFileReference; lastKnownFileType = file.sks; path = MenuScene.sks; sourceTree = "<group>"; };
		2097BFA41D7E3C5500E59D12 /* GameLevelScene.sks */ = {isa = PBXFileReference; lastKnownFileType = file.sks; path = GameLevelScene.sks; sourceTree = "<group>"; };
		2097BFA61D7E3C9800E59D12 /* IntroScene.sks */ = {isa = PBXFileReference; lastKnownFileType = file.sks; path = IntroScene.sks; sourceTree = "<group>"; };
		2097BFA81D7E3CBB00E59D12 /* InstructionsScene.sks */ = {isa = PBXFileReference; lastKnownFileType = file.sks; path = InstructionsScene.sks; sourceTree = "<group>"; };
		20A7CC4F1D8AE68E00A06482 /* sms-alert-1-daniel_simon.wav */ = {isa = PBXFileReference; lastKnownFileType = audio.wav; path = "sms-alert-1-daniel_simon.wav"; sourceTree = "<group>"; };
		20B1257E1D8CAE4C0022EAFA /* AfterLevelScene.sks */ = {isa = PBXFileReference; lastKnownFileType = file.sks; path = AfterLevelScene.sks; sourceTree = "<group>"; };
		20B125811D8CB97C0022EAFA /* AfterLevelScene.swift */ = {isa = PBXFileReference; fileEncoding = 4; lastKnownFileType = sourcecode.swift; path = AfterLevelScene.swift; sourceTree = "<group>"; };
		20B125831D8CB9E90022EAFA /* FactScene.sks */ = {isa = PBXFileReference; lastKnownFileType = file.sks; path = FactScene.sks; sourceTree = "<group>"; };
		20B125851D8CBA200022EAFA /* FactScene.swift */ = {isa = PBXFileReference; fileEncoding = 4; lastKnownFileType = sourcecode.swift; path = FactScene.swift; sourceTree = "<group>"; };
		20B856A31D803DC1000BFDE7 /* iphone6sBoundaryObstacle.plist */ = {isa = PBXFileReference; fileEncoding = 4; lastKnownFileType = text.plist.xml; path = iphone6sBoundaryObstacle.plist; sourceTree = "<group>"; };
		20C565731D8105380011846E /* Plist.swift */ = {isa = PBXFileReference; fileEncoding = 4; lastKnownFileType = sourcecode.swift; path = Plist.swift; sourceTree = "<group>"; };
		20C565751D82BDA50011846E /* hitMetal.wav */ = {isa = PBXFileReference; lastKnownFileType = audio.wav; path = hitMetal.wav; sourceTree = "<group>"; };
		20D2F9841D894D360081AA19 /* OperatorNode.swift */ = {isa = PBXFileReference; fileEncoding = 4; lastKnownFileType = sourcecode.swift; name = OperatorNode.swift; path = ../OperatorNode.swift; sourceTree = "<group>"; };
		20F01EB61D8ADDA800E12054 /* smashing.wav */ = {isa = PBXFileReference; lastKnownFileType = audio.wav; name = smashing.wav; path = ../../../../SquareRootMarblesPrototype/SquareRootMarblesPrototype/Assets.xcassets/smashing.wav; sourceTree = "<group>"; };
		20F01EB81D8ADDC000E12054 /* chinese-gong-daniel_simon.wav */ = {isa = PBXFileReference; lastKnownFileType = audio.wav; name = "chinese-gong-daniel_simon.wav"; path = "../../../../SquareRootMarblesPrototype/SquareRootMarblesPrototype/Assets.xcassets/chinese-gong-daniel_simon.wav"; sourceTree = "<group>"; };
/* End PBXFileReference section */

/* Begin PBXFrameworksBuildPhase section */
		204663CC1D795A4C0019B96A /* Frameworks */ = {
			isa = PBXFrameworksBuildPhase;
			buildActionMask = 2147483647;
			files = (
			);
			runOnlyForDeploymentPostprocessing = 0;
		};
/* End PBXFrameworksBuildPhase section */

/* Begin PBXGroup section */
		20415C761D8A1BBF00AB1F0D /* GameLevel */ = {
			isa = PBXGroup;
			children = (
				2097BF981D7E252A00E59D12 /* GameLevelScene.swift */,
				200D57201D873E3E0002BFD2 /* PlayerNode.swift */,
				20D2F9841D894D360081AA19 /* OperatorNode.swift */,
				20415C781D8A1D4000AB1F0D /* SinkNode.swift */,
			);
			name = GameLevel;
			sourceTree = "<group>";
		};
		20415C771D8A1C1200AB1F0D /* sksFiles */ = {
			isa = PBXGroup;
			children = (
				2097BFA61D7E3C9800E59D12 /* IntroScene.sks */,
				2097BFA41D7E3C5500E59D12 /* GameLevelScene.sks */,
				20B1257E1D8CAE4C0022EAFA /* AfterLevelScene.sks */,
				2097BFA81D7E3CBB00E59D12 /* InstructionsScene.sks */,
				20B125831D8CB9E90022EAFA /* FactScene.sks */,
				2097BFA21D7E3C3900E59D12 /* MenuScene.sks */,
			);
			name = sksFiles;
			sourceTree = "<group>";
		};
		204663C61D795A4C0019B96A = {
			isa = PBXGroup;
			children = (
				204663D11D795A4C0019B96A /* Square Root Marbles */,
				204663D01D795A4C0019B96A /* Products */,
			);
			sourceTree = "<group>";
		};
		204663D01D795A4C0019B96A /* Products */ = {
			isa = PBXGroup;
			children = (
				204663CF1D795A4C0019B96A /* Square Root Marbles.app */,
			);
			name = Products;
			sourceTree = "<group>";
		};
		204663D11D795A4C0019B96A /* Square Root Marbles */ = {
			isa = PBXGroup;
			children = (
				206540991D7C16590082D92D /* GeneralConstants.swift */,
				20415C771D8A1C1200AB1F0D /* sksFiles */,
				20415C761D8A1BBF00AB1F0D /* GameLevel */,
				20B125801D8CB9280022EAFA /* SupportScenes */,
				20B125881D8CBB410022EAFA /* Infrastructure */,
				20B125871D8CBAC60022EAFA /* LevelStructure */,
				204663DD1D795A4C0019B96A /* Assets.xcassets */,
				20B856A31D803DC1000BFDE7 /* iphone6sBoundaryObstacle.plist */,
				20B125891D8CBC8F0022EAFA /* Sounds */,
			);
			path = "Square Root Marbles";
			sourceTree = "<group>";
		};
		20B125801D8CB9280022EAFA /* SupportScenes */ = {
			isa = PBXGroup;
			children = (
				2097BF9E1D7E257900E59D12 /* MenuScene.swift */,
				2097BF9C1D7E256000E59D12 /* IntroScene.swift */,
				2097BF9A1D7E254700E59D12 /* InstructionsScence.swift */,
				20B125811D8CB97C0022EAFA /* AfterLevelScene.swift */,
				20B125851D8CBA200022EAFA /* FactScene.swift */,
			);
			name = SupportScenes;
			sourceTree = "<group>";
		};
		20B125871D8CBAC60022EAFA /* LevelStructure */ = {
			isa = PBXGroup;
			children = (
				2079F8621D86094000F74E4E /* LevelsPlan.swift */,
				204663EA1D7963A00019B96A /* GameLevelDesignInfo.swift */,
				204663E81D79615A0019B96A /* GameLevelModel.swift */,
			);
			name = LevelStructure;
			sourceTree = "<group>";
		};
		20B125881D8CBB410022EAFA /* Infrastructure */ = {
			isa = PBXGroup;
			children = (
				204663D21D795A4C0019B96A /* AppDelegate.swift */,
				204663D81D795A4C0019B96A /* GameViewController.swift */,
				20C565731D8105380011846E /* Plist.swift */,
				204663DA1D795A4C0019B96A /* Main.storyboard */,
				204663DF1D795A4C0019B96A /* LaunchScreen.storyboard */,
				204663E21D795A4C0019B96A /* Info.plist */,
			);
			name = Infrastructure;
			sourceTree = "<group>";
		};
		20B125891D8CBC8F0022EAFA /* Sounds */ = {
			isa = PBXGroup;
			children = (
				20F01EB61D8ADDA800E12054 /* smashing.wav */,
				20F01EB81D8ADDC000E12054 /* chinese-gong-daniel_simon.wav */,
				20A7CC4F1D8AE68E00A06482 /* sms-alert-1-daniel_simon.wav */,
				20C565751D82BDA50011846E /* hitMetal.wav */,
			);
			name = Sounds;
			sourceTree = "<group>";
		};
/* End PBXGroup section */

/* Begin PBXNativeTarget section */
		204663CE1D795A4C0019B96A /* Square Root Marbles */ = {
			isa = PBXNativeTarget;
			buildConfigurationList = 204663E51D795A4C0019B96A /* Build configuration list for PBXNativeTarget "Square Root Marbles" */;
			buildPhases = (
				204663CB1D795A4C0019B96A /* Sources */,
				204663CC1D795A4C0019B96A /* Frameworks */,
				204663CD1D795A4C0019B96A /* Resources */,
			);
			buildRules = (
			);
			dependencies = (
			);
			name = "Square Root Marbles";
			productName = "Square Root Marbles";
			productReference = 204663CF1D795A4C0019B96A /* Square Root Marbles.app */;
			productType = "com.apple.product-type.application";
		};
/* End PBXNativeTarget section */

/* Begin PBXProject section */
		204663C71D795A4C0019B96A /* Project object */ = {
			isa = PBXProject;
			attributes = {
				LastSwiftUpdateCheck = 0730;
				LastUpgradeCheck = 0730;
				ORGANIZATIONNAME = oneonepsilon;
				TargetAttributes = {
					204663CE1D795A4C0019B96A = {
						CreatedOnToolsVersion = 7.3.1;
					};
				};
			};
			buildConfigurationList = 204663CA1D795A4C0019B96A /* Build configuration list for PBXProject "Square Root Marbles" */;
			compatibilityVersion = "Xcode 3.2";
			developmentRegion = English;
			hasScannedForEncodings = 0;
			knownRegions = (
				en,
				Base,
			);
			mainGroup = 204663C61D795A4C0019B96A;
			productRefGroup = 204663D01D795A4C0019B96A /* Products */;
			projectDirPath = "";
			projectRoot = "";
			targets = (
				204663CE1D795A4C0019B96A /* Square Root Marbles */,
			);
		};
/* End PBXProject section */

/* Begin PBXResourcesBuildPhase section */
		204663CD1D795A4C0019B96A /* Resources */ = {
			isa = PBXResourcesBuildPhase;
			buildActionMask = 2147483647;
			files = (
				20B856A41D803DC1000BFDE7 /* iphone6sBoundaryObstacle.plist in Resources */,
				20B125841D8CB9E90022EAFA /* FactScene.sks in Resources */,
				204663E11D795A4C0019B96A /* LaunchScreen.storyboard in Resources */,
				2097BFA71D7E3C9800E59D12 /* IntroScene.sks in Resources */,
				204663DE1D795A4C0019B96A /* Assets.xcassets in Resources */,
				20F01EB71D8ADDA800E12054 /* smashing.wav in Resources */,
				2097BFA31D7E3C3900E59D12 /* MenuScene.sks in Resources */,
				20B1257F1D8CAE4C0022EAFA /* AfterLevelScene.sks in Resources */,
				204663DC1D795A4C0019B96A /* Main.storyboard in Resources */,
				20F01EB91D8ADDC000E12054 /* chinese-gong-daniel_simon.wav in Resources */,
				2097BFA51D7E3C5500E59D12 /* GameLevelScene.sks in Resources */,
				20A7CC501D8AE68E00A06482 /* sms-alert-1-daniel_simon.wav in Resources */,
				2097BFA91D7E3CBB00E59D12 /* InstructionsScene.sks in Resources */,
				20C565761D82BDA50011846E /* hitMetal.wav in Resources */,
			);
			runOnlyForDeploymentPostprocessing = 0;
		};
/* End PBXResourcesBuildPhase section */

/* Begin PBXSourcesBuildPhase section */
		204663CB1D795A4C0019B96A /* Sources */ = {
			isa = PBXSourcesBuildPhase;
			buildActionMask = 2147483647;
			files = (
				20C565741D8105380011846E /* Plist.swift in Sources */,
				2065409A1D7C16590082D92D /* GeneralConstants.swift in Sources */,
				2097BF9B1D7E254700E59D12 /* InstructionsScence.swift in Sources */,
				20D2F9851D894D360081AA19 /* OperatorNode.swift in Sources */,
				204663EB1D7963A00019B96A /* GameLevelDesignInfo.swift in Sources */,
				2079F8631D86094000F74E4E /* LevelsPlan.swift in Sources */,
				2097BF9D1D7E256000E59D12 /* IntroScene.swift in Sources */,
				20B125821D8CB97C0022EAFA /* AfterLevelScene.swift in Sources */,
				200D57211D873E3E0002BFD2 /* PlayerNode.swift in Sources */,
				204663D91D795A4C0019B96A /* GameViewController.swift in Sources */,
				204663E91D79615A0019B96A /* GameLevelModel.swift in Sources */,
				20415C791D8A1D4000AB1F0D /* SinkNode.swift in Sources */,
				20B125861D8CBA200022EAFA /* FactScene.swift in Sources */,
				2097BF9F1D7E257900E59D12 /* MenuScene.swift in Sources */,
				204663D31D795A4C0019B96A /* AppDelegate.swift in Sources */,
				2097BF991D7E252A00E59D12 /* GameLevelScene.swift in Sources */,
			);
			runOnlyForDeploymentPostprocessing = 0;
		};
/* End PBXSourcesBuildPhase section */

/* Begin PBXVariantGroup section */
		204663DA1D795A4C0019B96A /* Main.storyboard */ = {
			isa = PBXVariantGroup;
			children = (
				204663DB1D795A4C0019B96A /* Base */,
			);
			name = Main.storyboard;
			sourceTree = "<group>";
		};
		204663DF1D795A4C0019B96A /* LaunchScreen.storyboard */ = {
			isa = PBXVariantGroup;
			children = (
				204663E01D795A4C0019B96A /* Base */,
			);
			name = LaunchScreen.storyboard;
			sourceTree = "<group>";
		};
/* End PBXVariantGroup section */

/* Begin XCBuildConfiguration section */
		204663E31D795A4C0019B96A /* Debug */ = {
			isa = XCBuildConfiguration;
			buildSettings = {
				ALWAYS_SEARCH_USER_PATHS = NO;
				CLANG_ANALYZER_NONNULL = YES;
				CLANG_CXX_LANGUAGE_STANDARD = "gnu++0x";
				CLANG_CXX_LIBRARY = "libc++";
				CLANG_ENABLE_MODULES = YES;
				CLANG_ENABLE_OBJC_ARC = YES;
				CLANG_WARN_BOOL_CONVERSION = YES;
				CLANG_WARN_CONSTANT_CONVERSION = YES;
				CLANG_WARN_DIRECT_OBJC_ISA_USAGE = YES_ERROR;
				CLANG_WARN_EMPTY_BODY = YES;
				CLANG_WARN_ENUM_CONVERSION = YES;
				CLANG_WARN_INT_CONVERSION = YES;
				CLANG_WARN_OBJC_ROOT_CLASS = YES_ERROR;
				CLANG_WARN_UNREACHABLE_CODE = YES;
				CLANG_WARN__DUPLICATE_METHOD_MATCH = YES;
				"CODE_SIGN_IDENTITY[sdk=iphoneos*]" = "iPhone Developer";
				COPY_PHASE_STRIP = NO;
				DEBUG_INFORMATION_FORMAT = "dwarf-with-dsym";
				ENABLE_STRICT_OBJC_MSGSEND = YES;
				ENABLE_TESTABILITY = YES;
				GCC_C_LANGUAGE_STANDARD = gnu99;
				GCC_DYNAMIC_NO_PIC = NO;
				GCC_NO_COMMON_BLOCKS = YES;
				GCC_OPTIMIZATION_LEVEL = 0;
				GCC_PREPROCESSOR_DEFINITIONS = (
					"DEBUG=1",
					"$(inherited)",
				);
				GCC_WARN_64_TO_32_BIT_CONVERSION = YES;
				GCC_WARN_ABOUT_RETURN_TYPE = YES_ERROR;
				GCC_WARN_UNDECLARED_SELECTOR = YES;
				GCC_WARN_UNINITIALIZED_AUTOS = YES_AGGRESSIVE;
				GCC_WARN_UNUSED_FUNCTION = YES;
				GCC_WARN_UNUSED_VARIABLE = YES;
				IPHONEOS_DEPLOYMENT_TARGET = 9.3;
				MTL_ENABLE_DEBUG_INFO = YES;
				ONLY_ACTIVE_ARCH = YES;
				SDKROOT = iphoneos;
				SWIFT_OPTIMIZATION_LEVEL = "-Onone";
			};
			name = Debug;
		};
		204663E41D795A4C0019B96A /* Release */ = {
			isa = XCBuildConfiguration;
			buildSettings = {
				ALWAYS_SEARCH_USER_PATHS = NO;
				CLANG_ANALYZER_NONNULL = YES;
				CLANG_CXX_LANGUAGE_STANDARD = "gnu++0x";
				CLANG_CXX_LIBRARY = "libc++";
				CLANG_ENABLE_MODULES = YES;
				CLANG_ENABLE_OBJC_ARC = YES;
				CLANG_WARN_BOOL_CONVERSION = YES;
				CLANG_WARN_CONSTANT_CONVERSION = YES;
				CLANG_WARN_DIRECT_OBJC_ISA_USAGE = YES_ERROR;
				CLANG_WARN_EMPTY_BODY = YES;
				CLANG_WARN_ENUM_CONVERSION = YES;
				CLANG_WARN_INT_CONVERSION = YES;
				CLANG_WARN_OBJC_ROOT_CLASS = YES_ERROR;
				CLANG_WARN_UNREACHABLE_CODE = YES;
				CLANG_WARN__DUPLICATE_METHOD_MATCH = YES;
				"CODE_SIGN_IDENTITY[sdk=iphoneos*]" = "iPhone Developer";
				COPY_PHASE_STRIP = NO;
				DEBUG_INFORMATION_FORMAT = "dwarf-with-dsym";
				ENABLE_NS_ASSERTIONS = NO;
				ENABLE_STRICT_OBJC_MSGSEND = YES;
				GCC_C_LANGUAGE_STANDARD = gnu99;
				GCC_NO_COMMON_BLOCKS = YES;
				GCC_WARN_64_TO_32_BIT_CONVERSION = YES;
				GCC_WARN_ABOUT_RETURN_TYPE = YES_ERROR;
				GCC_WARN_UNDECLARED_SELECTOR = YES;
				GCC_WARN_UNINITIALIZED_AUTOS = YES_AGGRESSIVE;
				GCC_WARN_UNUSED_FUNCTION = YES;
				GCC_WARN_UNUSED_VARIABLE = YES;
				IPHONEOS_DEPLOYMENT_TARGET = 9.3;
				MTL_ENABLE_DEBUG_INFO = NO;
				SDKROOT = iphoneos;
				VALIDATE_PRODUCT = YES;
			};
			name = Release;
		};
		204663E61D795A4C0019B96A /* Debug */ = {
			isa = XCBuildConfiguration;
			buildSettings = {
				ASSETCATALOG_COMPILER_APPICON_NAME = AppIcon;
				INFOPLIST_FILE = "Square Root Marbles/Info.plist";
				LD_RUNPATH_SEARCH_PATHS = "$(inherited) @executable_path/Frameworks";
				PRODUCT_BUNDLE_IDENTIFIER = "oneonepsilon.Square-Root-Marbles";
				PRODUCT_NAME = "$(TARGET_NAME)";
			};
			name = Debug;
		};
		204663E71D795A4C0019B96A /* Release */ = {
			isa = XCBuildConfiguration;
			buildSettings = {
				ASSETCATALOG_COMPILER_APPICON_NAME = AppIcon;
				INFOPLIST_FILE = "Square Root Marbles/Info.plist";
				LD_RUNPATH_SEARCH_PATHS = "$(inherited) @executable_path/Frameworks";
				PRODUCT_BUNDLE_IDENTIFIER = "oneonepsilon.Square-Root-Marbles";
				PRODUCT_NAME = "$(TARGET_NAME)";
			};
			name = Release;
		};
/* End XCBuildConfiguration section */

/* Begin XCConfigurationList section */
		204663CA1D795A4C0019B96A /* Build configuration list for PBXProject "Square Root Marbles" */ = {
			isa = XCConfigurationList;
			buildConfigurations = (
				204663E31D795A4C0019B96A /* Debug */,
				204663E41D795A4C0019B96A /* Release */,
			);
			defaultConfigurationIsVisible = 0;
			defaultConfigurationName = Release;
		};
		204663E51D795A4C0019B96A /* Build configuration list for PBXNativeTarget "Square Root Marbles" */ = {
			isa = XCConfigurationList;
			buildConfigurations = (
				204663E61D795A4C0019B96A /* Debug */,
				204663E71D795A4C0019B96A /* Release */,
			);
			defaultConfigurationIsVisible = 0;
			defaultConfigurationName = Release;
		};
/* End XCConfigurationList section */
	};
	rootObject = 204663C71D795A4C0019B96A /* Project object */;
}
