// !$*UTF8*$!
{
	archiveVersion = 1;
	classes = {
	};
	objectVersion = 46;
	objects = {

/* Begin PBXBuildFile section */
		2009D0381D951773004984ED /* obstacles2.plist in Resources */ = {isa = PBXBuildFile; fileRef = 2009D0361D951773004984ED /* obstacles2.plist */; };
		2009D0391D951773004984ED /* operators2.plist in Resources */ = {isa = PBXBuildFile; fileRef = 2009D0371D951773004984ED /* operators2.plist */; };
		2009D03C1D952843004984ED /* obstacles3.plist in Resources */ = {isa = PBXBuildFile; fileRef = 2009D03A1D952843004984ED /* obstacles3.plist */; };
		2009D03D1D952843004984ED /* operators3.plist in Resources */ = {isa = PBXBuildFile; fileRef = 2009D03B1D952843004984ED /* operators3.plist */; };
		2009D0401D952B36004984ED /* obstacles4.plist in Resources */ = {isa = PBXBuildFile; fileRef = 2009D03E1D952B36004984ED /* obstacles4.plist */; };
		2009D0411D952B36004984ED /* operators4.plist in Resources */ = {isa = PBXBuildFile; fileRef = 2009D03F1D952B36004984ED /* operators4.plist */; };
		2009D0461D952EDA004984ED /* obstacles5.plist in Resources */ = {isa = PBXBuildFile; fileRef = 2009D0421D952EDA004984ED /* obstacles5.plist */; };
		2009D0471D952EDA004984ED /* obstacles6.plist in Resources */ = {isa = PBXBuildFile; fileRef = 2009D0431D952EDA004984ED /* obstacles6.plist */; };
		2009D0481D952EDA004984ED /* operators5.plist in Resources */ = {isa = PBXBuildFile; fileRef = 2009D0441D952EDA004984ED /* operators5.plist */; };
		2009D0491D952EDA004984ED /* operators6.plist in Resources */ = {isa = PBXBuildFile; fileRef = 2009D0451D952EDA004984ED /* operators6.plist */; };
		2009D04C1D9530C9004984ED /* obstacles7.plist in Resources */ = {isa = PBXBuildFile; fileRef = 2009D04A1D9530C9004984ED /* obstacles7.plist */; };
		2009D04D1D9530C9004984ED /* operators7.plist in Resources */ = {isa = PBXBuildFile; fileRef = 2009D04B1D9530C9004984ED /* operators7.plist */; };
		2009D04F1D95E652004984ED /* LifesNode.swift in Sources */ = {isa = PBXBuildFile; fileRef = 2009D04E1D95E652004984ED /* LifesNode.swift */; };
		2009D0511D95EB80004984ED /* electricshock.wav in Resources */ = {isa = PBXBuildFile; fileRef = 2009D0501D95EB80004984ED /* electricshock.wav */; };
		2009D0531D96769B004984ED /* operators1.plist in Resources */ = {isa = PBXBuildFile; fileRef = 2009D0521D96769B004984ED /* operators1.plist */; };
		200D57211D873E3E0002BFD2 /* PlayerNode.swift in Sources */ = {isa = PBXBuildFile; fileRef = 200D57201D873E3E0002BFD2 /* PlayerNode.swift */; };
		201E09531D8E685B0088B86E /* SettingsScene.sks in Resources */ = {isa = PBXBuildFile; fileRef = 201E09521D8E685B0088B86E /* SettingsScene.sks */; };
		201E09551D8E68870088B86E /* SettingsScene.swift in Sources */ = {isa = PBXBuildFile; fileRef = 201E09541D8E68870088B86E /* SettingsScene.swift */; };
		201E3CDB1D909E77006C18C6 /* 0015_game_event_02_victory.wav in Resources */ = {isa = PBXBuildFile; fileRef = 201E3CD91D909E77006C18C6 /* 0015_game_event_02_victory.wav */; };
		201E3CDC1D909E77006C18C6 /* 0015_game_event_03_achieve.wav in Resources */ = {isa = PBXBuildFile; fileRef = 201E3CDA1D909E77006C18C6 /* 0015_game_event_03_achieve.wav */; };
		201E3CDE1D909FAD006C18C6 /* 136_full_efficiency_0159.mp3 in Resources */ = {isa = PBXBuildFile; fileRef = 201E3CDD1D909FAD006C18C6 /* 136_full_efficiency_0159.mp3 */; };
		202EE1741D96AC2D007E0AEF /* srm_1.mp3 in Resources */ = {isa = PBXBuildFile; fileRef = 202EE1661D96AC2D007E0AEF /* srm_1.mp3 */; };
		202EE1751D96AC2D007E0AEF /* srm_2.mp3 in Resources */ = {isa = PBXBuildFile; fileRef = 202EE1671D96AC2D007E0AEF /* srm_2.mp3 */; };
		202EE1761D96AC2D007E0AEF /* srm_3.mp3 in Resources */ = {isa = PBXBuildFile; fileRef = 202EE1681D96AC2D007E0AEF /* srm_3.mp3 */; };
		202EE1771D96AC2D007E0AEF /* srm_4.mp3 in Resources */ = {isa = PBXBuildFile; fileRef = 202EE1691D96AC2D007E0AEF /* srm_4.mp3 */; };
		202EE1781D96AC2D007E0AEF /* srm_5.mp3 in Resources */ = {isa = PBXBuildFile; fileRef = 202EE16A1D96AC2D007E0AEF /* srm_5.mp3 */; };
		202EE1791D96AC2D007E0AEF /* srm_6.mp3 in Resources */ = {isa = PBXBuildFile; fileRef = 202EE16B1D96AC2D007E0AEF /* srm_6.mp3 */; };
		202EE17A1D96AC2D007E0AEF /* srm_7.mp3 in Resources */ = {isa = PBXBuildFile; fileRef = 202EE16C1D96AC2D007E0AEF /* srm_7.mp3 */; };
		202EE17B1D96AC2D007E0AEF /* srm_8.mp3 in Resources */ = {isa = PBXBuildFile; fileRef = 202EE16D1D96AC2D007E0AEF /* srm_8.mp3 */; };
		202EE17C1D96AC2D007E0AEF /* srm_9.mp3 in Resources */ = {isa = PBXBuildFile; fileRef = 202EE16E1D96AC2D007E0AEF /* srm_9.mp3 */; };
		202EE17D1D96AC2D007E0AEF /* srm_10.mp3 in Resources */ = {isa = PBXBuildFile; fileRef = 202EE16F1D96AC2D007E0AEF /* srm_10.mp3 */; };
		202EE17E1D96AC2D007E0AEF /* srm_11.mp3 in Resources */ = {isa = PBXBuildFile; fileRef = 202EE1701D96AC2D007E0AEF /* srm_11.mp3 */; };
		202EE17F1D96AC2D007E0AEF /* srm_12.mp3 in Resources */ = {isa = PBXBuildFile; fileRef = 202EE1711D96AC2D007E0AEF /* srm_12.mp3 */; };
		202EE1801D96AC2D007E0AEF /* srm_13.mp3 in Resources */ = {isa = PBXBuildFile; fileRef = 202EE1721D96AC2D007E0AEF /* srm_13.mp3 */; };
		202EE1811D96AC2D007E0AEF /* srm_14.mp3 in Resources */ = {isa = PBXBuildFile; fileRef = 202EE1731D96AC2D007E0AEF /* srm_14.mp3 */; };
		20415C791D8A1D4000AB1F0D /* SinkNode.swift in Sources */ = {isa = PBXBuildFile; fileRef = 20415C781D8A1D4000AB1F0D /* SinkNode.swift */; };
		204663D31D795A4C0019B96A /* AppDelegate.swift in Sources */ = {isa = PBXBuildFile; fileRef = 204663D21D795A4C0019B96A /* AppDelegate.swift */; };
		204663D91D795A4C0019B96A /* GameViewController.swift in Sources */ = {isa = PBXBuildFile; fileRef = 204663D81D795A4C0019B96A /* GameViewController.swift */; };
		204663DC1D795A4C0019B96A /* Main.storyboard in Resources */ = {isa = PBXBuildFile; fileRef = 204663DA1D795A4C0019B96A /* Main.storyboard */; };
		204663DE1D795A4C0019B96A /* Assets.xcassets in Resources */ = {isa = PBXBuildFile; fileRef = 204663DD1D795A4C0019B96A /* Assets.xcassets */; };
		204663E11D795A4C0019B96A /* LaunchScreen.storyboard in Resources */ = {isa = PBXBuildFile; fileRef = 204663DF1D795A4C0019B96A /* LaunchScreen.storyboard */; };
		204663E91D79615A0019B96A /* GameLevelModel.swift in Sources */ = {isa = PBXBuildFile; fileRef = 204663E81D79615A0019B96A /* GameLevelModel.swift */; };
		204663EB1D7963A00019B96A /* GameLevelDesignInfo.swift in Sources */ = {isa = PBXBuildFile; fileRef = 204663EA1D7963A00019B96A /* GameLevelDesignInfo.swift */; };
		204FBFF81D9410D000172C45 /* obstacles1.plist in Resources */ = {isa = PBXBuildFile; fileRef = 204FBFF61D9410D000172C45 /* obstacles1.plist */; };
		2065409A1D7C16590082D92D /* GeneralConstants.swift in Sources */ = {isa = PBXBuildFile; fileRef = 206540991D7C16590082D92D /* GeneralConstants.swift */; };
		2079F8631D86094000F74E4E /* LevelsPlan.swift in Sources */ = {isa = PBXBuildFile; fileRef = 2079F8621D86094000F74E4E /* LevelsPlan.swift */; };
		208FB0161D8D540700180EAE /* MessageNode.swift in Sources */ = {isa = PBXBuildFile; fileRef = 208FB0151D8D540700180EAE /* MessageNode.swift */; };
		208FB01D1D8D921C00180EAE /* SquareRootParticle.sks in Resources */ = {isa = PBXBuildFile; fileRef = 208FB01B1D8D921C00180EAE /* SquareRootParticle.sks */; };
		208FB01E1D8D921C00180EAE /* spark.png in Resources */ = {isa = PBXBuildFile; fileRef = 208FB01C1D8D921C00180EAE /* spark.png */; };
		208FB0201D8D958E00180EAE /* BadExplosionParticle.sks in Resources */ = {isa = PBXBuildFile; fileRef = 208FB01F1D8D958E00180EAE /* BadExplosionParticle.sks */; };
		209612E11D9884920005DA29 /* srm_17.mp3 in Resources */ = {isa = PBXBuildFile; fileRef = 209612DB1D9884920005DA29 /* srm_17.mp3 */; };
		209612E21D9884920005DA29 /* srm_18.mp3 in Resources */ = {isa = PBXBuildFile; fileRef = 209612DC1D9884920005DA29 /* srm_18.mp3 */; };
		209612E31D9884920005DA29 /* srm_19.mp3 in Resources */ = {isa = PBXBuildFile; fileRef = 209612DD1D9884920005DA29 /* srm_19.mp3 */; };
		209612E41D9884920005DA29 /* srm_20.mp3 in Resources */ = {isa = PBXBuildFile; fileRef = 209612DE1D9884920005DA29 /* srm_20.mp3 */; };
		209612E51D9884920005DA29 /* srm_21.mp3 in Resources */ = {isa = PBXBuildFile; fileRef = 209612DF1D9884920005DA29 /* srm_21.mp3 */; };
		209612E61D9884920005DA29 /* srm_22.mp3 in Resources */ = {isa = PBXBuildFile; fileRef = 209612E01D9884920005DA29 /* srm_22.mp3 */; };
		2097BF991D7E252A00E59D12 /* GameLevelScene.swift in Sources */ = {isa = PBXBuildFile; fileRef = 2097BF981D7E252A00E59D12 /* GameLevelScene.swift */; };
		2097BF9B1D7E254700E59D12 /* InstructionsScence.swift in Sources */ = {isa = PBXBuildFile; fileRef = 2097BF9A1D7E254700E59D12 /* InstructionsScence.swift */; };
		2097BF9D1D7E256000E59D12 /* IntroScene.swift in Sources */ = {isa = PBXBuildFile; fileRef = 2097BF9C1D7E256000E59D12 /* IntroScene.swift */; };
		2097BF9F1D7E257900E59D12 /* MenuScene.swift in Sources */ = {isa = PBXBuildFile; fileRef = 2097BF9E1D7E257900E59D12 /* MenuScene.swift */; };
		2097BFA31D7E3C3900E59D12 /* MenuScene.sks in Resources */ = {isa = PBXBuildFile; fileRef = 2097BFA21D7E3C3900E59D12 /* MenuScene.sks */; };
		2097BFA51D7E3C5500E59D12 /* GameLevelScene.sks in Resources */ = {isa = PBXBuildFile; fileRef = 2097BFA41D7E3C5500E59D12 /* GameLevelScene.sks */; };
		2097BFA71D7E3C9800E59D12 /* IntroScene.sks in Resources */ = {isa = PBXBuildFile; fileRef = 2097BFA61D7E3C9800E59D12 /* IntroScene.sks */; };
		2097BFA91D7E3CBB00E59D12 /* InstructionsScene.sks in Resources */ = {isa = PBXBuildFile; fileRef = 2097BFA81D7E3CBB00E59D12 /* InstructionsScene.sks */; };
		20A7CC501D8AE68E00A06482 /* sms-alert-1-daniel_simon.wav in Resources */ = {isa = PBXBuildFile; fileRef = 20A7CC4F1D8AE68E00A06482 /* sms-alert-1-daniel_simon.wav */; };
		20AEB33D1D8E41B500FC40D8 /* robotBlip.wav in Resources */ = {isa = PBXBuildFile; fileRef = 20AEB33C1D8E41B500FC40D8 /* robotBlip.wav */; };
		20B1257F1D8CAE4C0022EAFA /* AfterLevelScene.sks in Resources */ = {isa = PBXBuildFile; fileRef = 20B1257E1D8CAE4C0022EAFA /* AfterLevelScene.sks */; };
		20B125821D8CB97C0022EAFA /* AfterLevelScene.swift in Sources */ = {isa = PBXBuildFile; fileRef = 20B125811D8CB97C0022EAFA /* AfterLevelScene.swift */; };
		20C565741D8105380011846E /* Plist.swift in Sources */ = {isa = PBXBuildFile; fileRef = 20C565731D8105380011846E /* Plist.swift */; };
		20CB3AEA1D902C870005C590 /* knock.wav in Resources */ = {isa = PBXBuildFile; fileRef = 20CB3AE91D902C870005C590 /* knock.wav */; };
		20D2F9851D894D360081AA19 /* OperatorNode.swift in Sources */ = {isa = PBXBuildFile; fileRef = 20D2F9841D894D360081AA19 /* OperatorNode.swift */; };
		20DAAE0D1D973AD7005EC7EE /* SKTAudio.swift in Sources */ = {isa = PBXBuildFile; fileRef = 20DAAE0C1D973AD7005EC7EE /* SKTAudio.swift */; };
		20DAAE101D9741B9005EC7EE /* srm_15.mp3 in Resources */ = {isa = PBXBuildFile; fileRef = 20DAAE0E1D9741B9005EC7EE /* srm_15.mp3 */; };
		20DAAE111D9741B9005EC7EE /* srm_16.mp3 in Resources */ = {isa = PBXBuildFile; fileRef = 20DAAE0F1D9741B9005EC7EE /* srm_16.mp3 */; };
/* End PBXBuildFile section */

/* Begin PBXFileReference section */
		2009D0361D951773004984ED /* obstacles2.plist */ = {isa = PBXFileReference; fileEncoding = 4; lastKnownFileType = text.plist.xml; path = obstacles2.plist; sourceTree = "<group>"; };
		2009D0371D951773004984ED /* operators2.plist */ = {isa = PBXFileReference; fileEncoding = 4; lastKnownFileType = text.plist.xml; path = operators2.plist; sourceTree = "<group>"; };
		2009D03A1D952843004984ED /* obstacles3.plist */ = {isa = PBXFileReference; fileEncoding = 4; lastKnownFileType = text.plist.xml; path = obstacles3.plist; sourceTree = "<group>"; };
		2009D03B1D952843004984ED /* operators3.plist */ = {isa = PBXFileReference; fileEncoding = 4; lastKnownFileType = text.plist.xml; path = operators3.plist; sourceTree = "<group>"; };
		2009D03E1D952B36004984ED /* obstacles4.plist */ = {isa = PBXFileReference; fileEncoding = 4; lastKnownFileType = text.plist.xml; path = obstacles4.plist; sourceTree = "<group>"; };
		2009D03F1D952B36004984ED /* operators4.plist */ = {isa = PBXFileReference; fileEncoding = 4; lastKnownFileType = text.plist.xml; path = operators4.plist; sourceTree = "<group>"; };
		2009D0421D952EDA004984ED /* obstacles5.plist */ = {isa = PBXFileReference; fileEncoding = 4; lastKnownFileType = text.plist.xml; path = obstacles5.plist; sourceTree = "<group>"; };
		2009D0431D952EDA004984ED /* obstacles6.plist */ = {isa = PBXFileReference; fileEncoding = 4; lastKnownFileType = text.plist.xml; path = obstacles6.plist; sourceTree = "<group>"; };
		2009D0441D952EDA004984ED /* operators5.plist */ = {isa = PBXFileReference; fileEncoding = 4; lastKnownFileType = text.plist.xml; path = operators5.plist; sourceTree = "<group>"; };
		2009D0451D952EDA004984ED /* operators6.plist */ = {isa = PBXFileReference; fileEncoding = 4; lastKnownFileType = text.plist.xml; path = operators6.plist; sourceTree = "<group>"; };
		2009D04A1D9530C9004984ED /* obstacles7.plist */ = {isa = PBXFileReference; fileEncoding = 4; lastKnownFileType = text.plist.xml; path = obstacles7.plist; sourceTree = "<group>"; };
		2009D04B1D9530C9004984ED /* operators7.plist */ = {isa = PBXFileReference; fileEncoding = 4; lastKnownFileType = text.plist.xml; path = operators7.plist; sourceTree = "<group>"; };
		2009D04E1D95E652004984ED /* LifesNode.swift */ = {isa = PBXFileReference; fileEncoding = 4; lastKnownFileType = sourcecode.swift; path = LifesNode.swift; sourceTree = "<group>"; };
		2009D0501D95EB80004984ED /* electricshock.wav */ = {isa = PBXFileReference; lastKnownFileType = audio.wav; path = electricshock.wav; sourceTree = "<group>"; };
		2009D0521D96769B004984ED /* operators1.plist */ = {isa = PBXFileReference; fileEncoding = 4; lastKnownFileType = text.plist.xml; path = operators1.plist; sourceTree = "<group>"; };
		200D57201D873E3E0002BFD2 /* PlayerNode.swift */ = {isa = PBXFileReference; fileEncoding = 4; lastKnownFileType = sourcecode.swift; name = PlayerNode.swift; path = ../PlayerNode.swift; sourceTree = "<group>"; };
		201E09521D8E685B0088B86E /* SettingsScene.sks */ = {isa = PBXFileReference; lastKnownFileType = file.sks; path = SettingsScene.sks; sourceTree = "<group>"; };
		201E09541D8E68870088B86E /* SettingsScene.swift */ = {isa = PBXFileReference; fileEncoding = 4; lastKnownFileType = sourcecode.swift; path = SettingsScene.swift; sourceTree = "<group>"; };
		201E3CD91D909E77006C18C6 /* 0015_game_event_02_victory.wav */ = {isa = PBXFileReference; lastKnownFileType = audio.wav; path = 0015_game_event_02_victory.wav; sourceTree = "<group>"; };
		201E3CDA1D909E77006C18C6 /* 0015_game_event_03_achieve.wav */ = {isa = PBXFileReference; lastKnownFileType = audio.wav; path = 0015_game_event_03_achieve.wav; sourceTree = "<group>"; };
		201E3CDD1D909FAD006C18C6 /* 136_full_efficiency_0159.mp3 */ = {isa = PBXFileReference; lastKnownFileType = audio.mp3; path = 136_full_efficiency_0159.mp3; sourceTree = "<group>"; };
		202EE1661D96AC2D007E0AEF /* srm_1.mp3 */ = {isa = PBXFileReference; lastKnownFileType = audio.mp3; path = srm_1.mp3; sourceTree = "<group>"; };
		202EE1671D96AC2D007E0AEF /* srm_2.mp3 */ = {isa = PBXFileReference; lastKnownFileType = audio.mp3; path = srm_2.mp3; sourceTree = "<group>"; };
		202EE1681D96AC2D007E0AEF /* srm_3.mp3 */ = {isa = PBXFileReference; lastKnownFileType = audio.mp3; path = srm_3.mp3; sourceTree = "<group>"; };
		202EE1691D96AC2D007E0AEF /* srm_4.mp3 */ = {isa = PBXFileReference; lastKnownFileType = audio.mp3; path = srm_4.mp3; sourceTree = "<group>"; };
		202EE16A1D96AC2D007E0AEF /* srm_5.mp3 */ = {isa = PBXFileReference; lastKnownFileType = audio.mp3; path = srm_5.mp3; sourceTree = "<group>"; };
		202EE16B1D96AC2D007E0AEF /* srm_6.mp3 */ = {isa = PBXFileReference; lastKnownFileType = audio.mp3; path = srm_6.mp3; sourceTree = "<group>"; };
		202EE16C1D96AC2D007E0AEF /* srm_7.mp3 */ = {isa = PBXFileReference; lastKnownFileType = audio.mp3; path = srm_7.mp3; sourceTree = "<group>"; };
		202EE16D1D96AC2D007E0AEF /* srm_8.mp3 */ = {isa = PBXFileReference; lastKnownFileType = audio.mp3; path = srm_8.mp3; sourceTree = "<group>"; };
		202EE16E1D96AC2D007E0AEF /* srm_9.mp3 */ = {isa = PBXFileReference; lastKnownFileType = audio.mp3; path = srm_9.mp3; sourceTree = "<group>"; };
		202EE16F1D96AC2D007E0AEF /* srm_10.mp3 */ = {isa = PBXFileReference; lastKnownFileType = audio.mp3; path = srm_10.mp3; sourceTree = "<group>"; };
		202EE1701D96AC2D007E0AEF /* srm_11.mp3 */ = {isa = PBXFileReference; lastKnownFileType = audio.mp3; path = srm_11.mp3; sourceTree = "<group>"; };
		202EE1711D96AC2D007E0AEF /* srm_12.mp3 */ = {isa = PBXFileReference; lastKnownFileType = audio.mp3; path = srm_12.mp3; sourceTree = "<group>"; };
		202EE1721D96AC2D007E0AEF /* srm_13.mp3 */ = {isa = PBXFileReference; lastKnownFileType = audio.mp3; path = srm_13.mp3; sourceTree = "<group>"; };
		202EE1731D96AC2D007E0AEF /* srm_14.mp3 */ = {isa = PBXFileReference; lastKnownFileType = audio.mp3; path = srm_14.mp3; sourceTree = "<group>"; };
		20415C781D8A1D4000AB1F0D /* SinkNode.swift */ = {isa = PBXFileReference; fileEncoding = 4; lastKnownFileType = sourcecode.swift; path = SinkNode.swift; sourceTree = "<group>"; };
		204663CF1D795A4C0019B96A /* Square Root Marbles.app */ = {isa = PBXFileReference; explicitFileType = wrapper.application; includeInIndex = 0; path = "Square Root Marbles.app"; sourceTree = BUILT_PRODUCTS_DIR; };
		204663D21D795A4C0019B96A /* AppDelegate.swift */ = {isa = PBXFileReference; lastKnownFileType = sourcecode.swift; path = AppDelegate.swift; sourceTree = "<group>"; };
		204663D81D795A4C0019B96A /* GameViewController.swift */ = {isa = PBXFileReference; lastKnownFileType = sourcecode.swift; path = GameViewController.swift; sourceTree = "<group>"; };
		204663DB1D795A4C0019B96A /* Base */ = {isa = PBXFileReference; lastKnownFileType = file.storyboard; name = Base; path = Base.lproj/Main.storyboard; sourceTree = "<group>"; };
		204663DD1D795A4C0019B96A /* Assets.xcassets */ = {isa = PBXFileReference; lastKnownFileType = folder.assetcatalog; path = Assets.xcassets; sourceTree = "<group>"; };
		204663E01D795A4C0019B96A /* Base */ = {isa = PBXFileReference; lastKnownFileType = file.storyboard; name = Base; path = Base.lproj/LaunchScreen.storyboard; sourceTree = "<group>"; };
		204663E21D795A4C0019B96A /* Info.plist */ = {isa = PBXFileReference; lastKnownFileType = text.plist.xml; path = Info.plist; sourceTree = "<group>"; };
		204663E81D79615A0019B96A /* GameLevelModel.swift */ = {isa = PBXFileReference; fileEncoding = 4; lastKnownFileType = sourcecode.swift; path = GameLevelModel.swift; sourceTree = "<group>"; };
		204663EA1D7963A00019B96A /* GameLevelDesignInfo.swift */ = {isa = PBXFileReference; fileEncoding = 4; lastKnownFileType = sourcecode.swift; path = GameLevelDesignInfo.swift; sourceTree = "<group>"; };
		204FBFF61D9410D000172C45 /* obstacles1.plist */ = {isa = PBXFileReference; fileEncoding = 4; lastKnownFileType = text.plist.xml; path = obstacles1.plist; sourceTree = "<group>"; };
		206540991D7C16590082D92D /* GeneralConstants.swift */ = {isa = PBXFileReference; fileEncoding = 4; lastKnownFileType = sourcecode.swift; path = GeneralConstants.swift; sourceTree = "<group>"; };
		2079F8621D86094000F74E4E /* LevelsPlan.swift */ = {isa = PBXFileReference; fileEncoding = 4; lastKnownFileType = sourcecode.swift; path = LevelsPlan.swift; sourceTree = "<group>"; };
		208FB0151D8D540700180EAE /* MessageNode.swift */ = {isa = PBXFileReference; fileEncoding = 4; lastKnownFileType = sourcecode.swift; path = MessageNode.swift; sourceTree = "<group>"; };
		208FB01B1D8D921C00180EAE /* SquareRootParticle.sks */ = {isa = PBXFileReference; lastKnownFileType = file.sks; path = SquareRootParticle.sks; sourceTree = "<group>"; };
		208FB01C1D8D921C00180EAE /* spark.png */ = {isa = PBXFileReference; lastKnownFileType = image.png; path = spark.png; sourceTree = "<group>"; };
		208FB01F1D8D958E00180EAE /* BadExplosionParticle.sks */ = {isa = PBXFileReference; lastKnownFileType = file.sks; path = BadExplosionParticle.sks; sourceTree = "<group>"; };
		209612DB1D9884920005DA29 /* srm_17.mp3 */ = {isa = PBXFileReference; lastKnownFileType = audio.mp3; path = srm_17.mp3; sourceTree = "<group>"; };
		209612DC1D9884920005DA29 /* srm_18.mp3 */ = {isa = PBXFileReference; lastKnownFileType = audio.mp3; path = srm_18.mp3; sourceTree = "<group>"; };
		209612DD1D9884920005DA29 /* srm_19.mp3 */ = {isa = PBXFileReference; lastKnownFileType = audio.mp3; path = srm_19.mp3; sourceTree = "<group>"; };
		209612DE1D9884920005DA29 /* srm_20.mp3 */ = {isa = PBXFileReference; lastKnownFileType = audio.mp3; path = srm_20.mp3; sourceTree = "<group>"; };
		209612DF1D9884920005DA29 /* srm_21.mp3 */ = {isa = PBXFileReference; lastKnownFileType = audio.mp3; path = srm_21.mp3; sourceTree = "<group>"; };
		209612E01D9884920005DA29 /* srm_22.mp3 */ = {isa = PBXFileReference; lastKnownFileType = audio.mp3; path = srm_22.mp3; sourceTree = "<group>"; };
		2097BF981D7E252A00E59D12 /* GameLevelScene.swift */ = {isa = PBXFileReference; fileEncoding = 4; lastKnownFileType = sourcecode.swift; path = GameLevelScene.swift; sourceTree = "<group>"; };
		2097BF9A1D7E254700E59D12 /* InstructionsScence.swift */ = {isa = PBXFileReference; fileEncoding = 4; lastKnownFileType = sourcecode.swift; path = InstructionsScence.swift; sourceTree = "<group>"; };
		2097BF9C1D7E256000E59D12 /* IntroScene.swift */ = {isa = PBXFileReference; fileEncoding = 4; lastKnownFileType = sourcecode.swift; path = IntroScene.swift; sourceTree = "<group>"; };
		2097BF9E1D7E257900E59D12 /* MenuScene.swift */ = {isa = PBXFileReference; fileEncoding = 4; lastKnownFileType = sourcecode.swift; path = MenuScene.swift; sourceTree = "<group>"; };
		2097BFA21D7E3C3900E59D12 /* MenuScene.sks */ = {isa = PBXFileReference; lastKnownFileType = file.sks; path = MenuScene.sks; sourceTree = "<group>"; };
		2097BFA41D7E3C5500E59D12 /* GameLevelScene.sks */ = {isa = PBXFileReference; lastKnownFileType = file.sks; path = GameLevelScene.sks; sourceTree = "<group>"; };
		2097BFA61D7E3C9800E59D12 /* IntroScene.sks */ = {isa = PBXFileReference; lastKnownFileType = file.sks; path = IntroScene.sks; sourceTree = "<group>"; };
		2097BFA81D7E3CBB00E59D12 /* InstructionsScene.sks */ = {isa = PBXFileReference; lastKnownFileType = file.sks; path = InstructionsScene.sks; sourceTree = "<group>"; };
		20A7CC4F1D8AE68E00A06482 /* sms-alert-1-daniel_simon.wav */ = {isa = PBXFileReference; lastKnownFileType = audio.wav; path = "sms-alert-1-daniel_simon.wav"; sourceTree = "<group>"; };
		20AEB33C1D8E41B500FC40D8 /* robotBlip.wav */ = {isa = PBXFileReference; lastKnownFileType = audio.wav; path = robotBlip.wav; sourceTree = "<group>"; };
		20B1257E1D8CAE4C0022EAFA /* AfterLevelScene.sks */ = {isa = PBXFileReference; lastKnownFileType = file.sks; path = AfterLevelScene.sks; sourceTree = "<group>"; };
		20B125811D8CB97C0022EAFA /* AfterLevelScene.swift */ = {isa = PBXFileReference; fileEncoding = 4; lastKnownFileType = sourcecode.swift; path = AfterLevelScene.swift; sourceTree = "<group>"; };
		20C565731D8105380011846E /* Plist.swift */ = {isa = PBXFileReference; fileEncoding = 4; lastKnownFileType = sourcecode.swift; path = Plist.swift; sourceTree = "<group>"; };
		20CB3AE91D902C870005C590 /* knock.wav */ = {isa = PBXFileReference; lastKnownFileType = audio.wav; path = knock.wav; sourceTree = "<group>"; };
		20D2F9841D894D360081AA19 /* OperatorNode.swift */ = {isa = PBXFileReference; fileEncoding = 4; lastKnownFileType = sourcecode.swift; name = OperatorNode.swift; path = ../OperatorNode.swift; sourceTree = "<group>"; };
		20DAAE0C1D973AD7005EC7EE /* SKTAudio.swift */ = {isa = PBXFileReference; fileEncoding = 4; lastKnownFileType = sourcecode.swift; path = SKTAudio.swift; sourceTree = "<group>"; };
		20DAAE0E1D9741B9005EC7EE /* srm_15.mp3 */ = {isa = PBXFileReference; lastKnownFileType = audio.mp3; path = srm_15.mp3; sourceTree = "<group>"; };
		20DAAE0F1D9741B9005EC7EE /* srm_16.mp3 */ = {isa = PBXFileReference; lastKnownFileType = audio.mp3; path = srm_16.mp3; sourceTree = "<group>"; };
/* End PBXFileReference section */

/* Begin PBXFrameworksBuildPhase section */
		204663CC1D795A4C0019B96A /* Frameworks */ = {
			isa = PBXFrameworksBuildPhase;
			buildActionMask = 2147483647;
			files = (
			);
			runOnlyForDeploymentPostprocessing = 0;
		};
/* End PBXFrameworksBuildPhase section */

/* Begin PBXGroup section */
		20415C761D8A1BBF00AB1F0D /* GameLevel */ = {
			isa = PBXGroup;
			children = (
				2097BF981D7E252A00E59D12 /* GameLevelScene.swift */,
				2009D04E1D95E652004984ED /* LifesNode.swift */,
				208FB0151D8D540700180EAE /* MessageNode.swift */,
				200D57201D873E3E0002BFD2 /* PlayerNode.swift */,
				20D2F9841D894D360081AA19 /* OperatorNode.swift */,
				20415C781D8A1D4000AB1F0D /* SinkNode.swift */,
			);
			name = GameLevel;
			sourceTree = "<group>";
		};
		20415C771D8A1C1200AB1F0D /* sksFiles */ = {
			isa = PBXGroup;
			children = (
				2097BFA61D7E3C9800E59D12 /* IntroScene.sks */,
				2097BFA41D7E3C5500E59D12 /* GameLevelScene.sks */,
				20B1257E1D8CAE4C0022EAFA /* AfterLevelScene.sks */,
				201E09521D8E685B0088B86E /* SettingsScene.sks */,
				2097BFA81D7E3CBB00E59D12 /* InstructionsScene.sks */,
				2097BFA21D7E3C3900E59D12 /* MenuScene.sks */,
			);
			name = sksFiles;
			sourceTree = "<group>";
		};
		204663C61D795A4C0019B96A = {
			isa = PBXGroup;
			children = (
				20D779C11D8EC2F400379C9E /* levels1to30 */,
				208FB0211D8D959500180EAE /* Particles */,
				204663D11D795A4C0019B96A /* Square Root Marbles */,
				204663D01D795A4C0019B96A /* Products */,
			);
			sourceTree = "<group>";
		};
		204663D01D795A4C0019B96A /* Products */ = {
			isa = PBXGroup;
			children = (
				204663CF1D795A4C0019B96A /* Square Root Marbles.app */,
			);
			name = Products;
			sourceTree = "<group>";
		};
		204663D11D795A4C0019B96A /* Square Root Marbles */ = {
			isa = PBXGroup;
			children = (
				206540991D7C16590082D92D /* GeneralConstants.swift */,
				20415C771D8A1C1200AB1F0D /* sksFiles */,
				20415C761D8A1BBF00AB1F0D /* GameLevel */,
				20B125801D8CB9280022EAFA /* SupportScenes */,
				20B125881D8CBB410022EAFA /* Infrastructure */,
				20B125871D8CBAC60022EAFA /* LevelStructure */,
				204663DD1D795A4C0019B96A /* Assets.xcassets */,
				20B125891D8CBC8F0022EAFA /* Sounds */,
			);
			path = "Square Root Marbles";
			sourceTree = "<group>";
		};
		208FB0211D8D959500180EAE /* Particles */ = {
			isa = PBXGroup;
			children = (
				208FB01C1D8D921C00180EAE /* spark.png */,
				208FB01B1D8D921C00180EAE /* SquareRootParticle.sks */,
				208FB01F1D8D958E00180EAE /* BadExplosionParticle.sks */,
			);
			name = Particles;
			sourceTree = "<group>";
		};
		20B125801D8CB9280022EAFA /* SupportScenes */ = {
			isa = PBXGroup;
			children = (
				2097BF9E1D7E257900E59D12 /* MenuScene.swift */,
				2097BF9C1D7E256000E59D12 /* IntroScene.swift */,
				2097BF9A1D7E254700E59D12 /* InstructionsScence.swift */,
				20B125811D8CB97C0022EAFA /* AfterLevelScene.swift */,
				201E09541D8E68870088B86E /* SettingsScene.swift */,
			);
			name = SupportScenes;
			sourceTree = "<group>";
		};
		20B125871D8CBAC60022EAFA /* LevelStructure */ = {
			isa = PBXGroup;
			children = (
				2079F8621D86094000F74E4E /* LevelsPlan.swift */,
				204663EA1D7963A00019B96A /* GameLevelDesignInfo.swift */,
				204663E81D79615A0019B96A /* GameLevelModel.swift */,
			);
			name = LevelStructure;
			sourceTree = "<group>";
		};
		20B125881D8CBB410022EAFA /* Infrastructure */ = {
			isa = PBXGroup;
			children = (
				204663D21D795A4C0019B96A /* AppDelegate.swift */,
				204663D81D795A4C0019B96A /* GameViewController.swift */,
				20C565731D8105380011846E /* Plist.swift */,
				20DAAE0C1D973AD7005EC7EE /* SKTAudio.swift */,
				204663DA1D795A4C0019B96A /* Main.storyboard */,
				204663DF1D795A4C0019B96A /* LaunchScreen.storyboard */,
				204663E21D795A4C0019B96A /* Info.plist */,
			);
			name = Infrastructure;
			sourceTree = "<group>";
		};
		20B125891D8CBC8F0022EAFA /* Sounds */ = {
			isa = PBXGroup;
			children = (
				202EE1661D96AC2D007E0AEF /* srm_1.mp3 */,
				202EE1671D96AC2D007E0AEF /* srm_2.mp3 */,
				202EE1681D96AC2D007E0AEF /* srm_3.mp3 */,
				202EE1691D96AC2D007E0AEF /* srm_4.mp3 */,
				202EE16A1D96AC2D007E0AEF /* srm_5.mp3 */,
				202EE16B1D96AC2D007E0AEF /* srm_6.mp3 */,
				202EE16C1D96AC2D007E0AEF /* srm_7.mp3 */,
				202EE16D1D96AC2D007E0AEF /* srm_8.mp3 */,
				202EE16E1D96AC2D007E0AEF /* srm_9.mp3 */,
				202EE16F1D96AC2D007E0AEF /* srm_10.mp3 */,
				202EE1701D96AC2D007E0AEF /* srm_11.mp3 */,
				202EE1711D96AC2D007E0AEF /* srm_12.mp3 */,
				202EE1721D96AC2D007E0AEF /* srm_13.mp3 */,
				202EE1731D96AC2D007E0AEF /* srm_14.mp3 */,
				20DAAE0E1D9741B9005EC7EE /* srm_15.mp3 */,
				20DAAE0F1D9741B9005EC7EE /* srm_16.mp3 */,
				209612DB1D9884920005DA29 /* srm_17.mp3 */,
				209612DC1D9884920005DA29 /* srm_18.mp3 */,
				209612DD1D9884920005DA29 /* srm_19.mp3 */,
				209612DE1D9884920005DA29 /* srm_20.mp3 */,
				209612DF1D9884920005DA29 /* srm_21.mp3 */,
				209612E01D9884920005DA29 /* srm_22.mp3 */,
				20CB3AE91D902C870005C590 /* knock.wav */,
				2009D0501D95EB80004984ED /* electricshock.wav */,
				20AEB33C1D8E41B500FC40D8 /* robotBlip.wav */,
				20A7CC4F1D8AE68E00A06482 /* sms-alert-1-daniel_simon.wav */,
				201E3CD91D909E77006C18C6 /* 0015_game_event_02_victory.wav */,
				201E3CDA1D909E77006C18C6 /* 0015_game_event_03_achieve.wav */,
				201E3CDD1D909FAD006C18C6 /* 136_full_efficiency_0159.mp3 */,
			);
			name = Sounds;
			sourceTree = "<group>";
		};
		20D779C11D8EC2F400379C9E /* levels1to30 */ = {
			isa = PBXGroup;
			children = (
				204FBFF61D9410D000172C45 /* obstacles1.plist */,
				2009D0361D951773004984ED /* obstacles2.plist */,
				2009D0371D951773004984ED /* operators2.plist */,
				2009D03A1D952843004984ED /* obstacles3.plist */,
				2009D0521D96769B004984ED /* operators1.plist */,
				2009D03B1D952843004984ED /* operators3.plist */,
				2009D03E1D952B36004984ED /* obstacles4.plist */,
				2009D03F1D952B36004984ED /* operators4.plist */,
				2009D0421D952EDA004984ED /* obstacles5.plist */,
				2009D0431D952EDA004984ED /* obstacles6.plist */,
				2009D0441D952EDA004984ED /* operators5.plist */,
				2009D0451D952EDA004984ED /* operators6.plist */,
				2009D04A1D9530C9004984ED /* obstacles7.plist */,
				2009D04B1D9530C9004984ED /* operators7.plist */,
			);
			name = levels1to30;
			sourceTree = "<group>";
		};
/* End PBXGroup section */

/* Begin PBXNativeTarget section */
		204663CE1D795A4C0019B96A /* Square Root Marbles */ = {
			isa = PBXNativeTarget;
			buildConfigurationList = 204663E51D795A4C0019B96A /* Build configuration list for PBXNativeTarget "Square Root Marbles" */;
			buildPhases = (
				204663CB1D795A4C0019B96A /* Sources */,
				204663CC1D795A4C0019B96A /* Frameworks */,
				204663CD1D795A4C0019B96A /* Resources */,
			);
			buildRules = (
			);
			dependencies = (
			);
			name = "Square Root Marbles";
			productName = "Square Root Marbles";
			productReference = 204663CF1D795A4C0019B96A /* Square Root Marbles.app */;
			productType = "com.apple.product-type.application";
		};
/* End PBXNativeTarget section */

/* Begin PBXProject section */
		204663C71D795A4C0019B96A /* Project object */ = {
			isa = PBXProject;
			attributes = {
				LastSwiftUpdateCheck = 0730;
				LastUpgradeCheck = 0800;
				ORGANIZATIONNAME = oneonepsilon;
				TargetAttributes = {
					204663CE1D795A4C0019B96A = {
						CreatedOnToolsVersion = 7.3.1;
						DevelopmentTeam = 4G9VZ63NB7;
						LastSwiftMigration = 0800;
					};
				};
			};
			buildConfigurationList = 204663CA1D795A4C0019B96A /* Build configuration list for PBXProject "Square Root Marbles" */;
			compatibilityVersion = "Xcode 3.2";
			developmentRegion = English;
			hasScannedForEncodings = 0;
			knownRegions = (
				en,
				Base,
			);
			mainGroup = 204663C61D795A4C0019B96A;
			productRefGroup = 204663D01D795A4C0019B96A /* Products */;
			projectDirPath = "";
			projectRoot = "";
			targets = (
				204663CE1D795A4C0019B96A /* Square Root Marbles */,
			);
		};
/* End PBXProject section */

/* Begin PBXResourcesBuildPhase section */
		204663CD1D795A4C0019B96A /* Resources */ = {
			isa = PBXResourcesBuildPhase;
			buildActionMask = 2147483647;
			files = (
				209612E41D9884920005DA29 /* srm_20.mp3 in Resources */,
				2009D04D1D9530C9004984ED /* operators7.plist in Resources */,
				201E3CDB1D909E77006C18C6 /* 0015_game_event_02_victory.wav in Resources */,
				2009D0391D951773004984ED /* operators2.plist in Resources */,
				204663E11D795A4C0019B96A /* LaunchScreen.storyboard in Resources */,
				204FBFF81D9410D000172C45 /* obstacles1.plist in Resources */,
				2009D0471D952EDA004984ED /* obstacles6.plist in Resources */,
				2009D03D1D952843004984ED /* operators3.plist in Resources */,
				202EE1811D96AC2D007E0AEF /* srm_14.mp3 in Resources */,
				202EE1741D96AC2D007E0AEF /* srm_1.mp3 in Resources */,
				2009D0531D96769B004984ED /* operators1.plist in Resources */,
				202EE1801D96AC2D007E0AEF /* srm_13.mp3 in Resources */,
				209612E31D9884920005DA29 /* srm_19.mp3 in Resources */,
				2009D0401D952B36004984ED /* obstacles4.plist in Resources */,
				2097BFA71D7E3C9800E59D12 /* IntroScene.sks in Resources */,
				2009D0411D952B36004984ED /* operators4.plist in Resources */,
				208FB0201D8D958E00180EAE /* BadExplosionParticle.sks in Resources */,
				2009D0461D952EDA004984ED /* obstacles5.plist in Resources */,
				2009D04C1D9530C9004984ED /* obstacles7.plist in Resources */,
				2009D0481D952EDA004984ED /* operators5.plist in Resources */,
				202EE17F1D96AC2D007E0AEF /* srm_12.mp3 in Resources */,
				202EE1771D96AC2D007E0AEF /* srm_4.mp3 in Resources */,
				204663DE1D795A4C0019B96A /* Assets.xcassets in Resources */,
				2009D0511D95EB80004984ED /* electricshock.wav in Resources */,
				20DAAE111D9741B9005EC7EE /* srm_16.mp3 in Resources */,
				201E3CDE1D909FAD006C18C6 /* 136_full_efficiency_0159.mp3 in Resources */,
				202EE1761D96AC2D007E0AEF /* srm_3.mp3 in Resources */,
				202EE17D1D96AC2D007E0AEF /* srm_10.mp3 in Resources */,
				2097BFA31D7E3C3900E59D12 /* MenuScene.sks in Resources */,
				202EE17E1D96AC2D007E0AEF /* srm_11.mp3 in Resources */,
				20AEB33D1D8E41B500FC40D8 /* robotBlip.wav in Resources */,
				209612E61D9884920005DA29 /* srm_22.mp3 in Resources */,
				2009D0381D951773004984ED /* obstacles2.plist in Resources */,
				208FB01D1D8D921C00180EAE /* SquareRootParticle.sks in Resources */,
				209612E11D9884920005DA29 /* srm_17.mp3 in Resources */,
				202EE1781D96AC2D007E0AEF /* srm_5.mp3 in Resources */,
				20DAAE101D9741B9005EC7EE /* srm_15.mp3 in Resources */,
				209612E51D9884920005DA29 /* srm_21.mp3 in Resources */,
				20B1257F1D8CAE4C0022EAFA /* AfterLevelScene.sks in Resources */,
				202EE1751D96AC2D007E0AEF /* srm_2.mp3 in Resources */,
				2009D0491D952EDA004984ED /* operators6.plist in Resources */,
				204663DC1D795A4C0019B96A /* Main.storyboard in Resources */,
				208FB01E1D8D921C00180EAE /* spark.png in Resources */,
				202EE17C1D96AC2D007E0AEF /* srm_9.mp3 in Resources */,
				209612E21D9884920005DA29 /* srm_18.mp3 in Resources */,
				202EE1791D96AC2D007E0AEF /* srm_6.mp3 in Resources */,
				20CB3AEA1D902C870005C590 /* knock.wav in Resources */,
				2097BFA51D7E3C5500E59D12 /* GameLevelScene.sks in Resources */,
				20A7CC501D8AE68E00A06482 /* sms-alert-1-daniel_simon.wav in Resources */,
				2097BFA91D7E3CBB00E59D12 /* InstructionsScene.sks in Resources */,
				201E09531D8E685B0088B86E /* SettingsScene.sks in Resources */,
				202EE17B1D96AC2D007E0AEF /* srm_8.mp3 in Resources */,
				2009D03C1D952843004984ED /* obstacles3.plist in Resources */,
				201E3CDC1D909E77006C18C6 /* 0015_game_event_03_achieve.wav in Resources */,
				202EE17A1D96AC2D007E0AEF /* srm_7.mp3 in Resources */,
			);
			runOnlyForDeploymentPostprocessing = 0;
		};
/* End PBXResourcesBuildPhase section */

/* Begin PBXSourcesBuildPhase section */
		204663CB1D795A4C0019B96A /* Sources */ = {
			isa = PBXSourcesBuildPhase;
			buildActionMask = 2147483647;
			files = (
				20C565741D8105380011846E /* Plist.swift in Sources */,
				2065409A1D7C16590082D92D /* GeneralConstants.swift in Sources */,
				208FB0161D8D540700180EAE /* MessageNode.swift in Sources */,
				2009D04F1D95E652004984ED /* LifesNode.swift in Sources */,
				2097BF9B1D7E254700E59D12 /* InstructionsScence.swift in Sources */,
				20D2F9851D894D360081AA19 /* OperatorNode.swift in Sources */,
				204663EB1D7963A00019B96A /* GameLevelDesignInfo.swift in Sources */,
				2079F8631D86094000F74E4E /* LevelsPlan.swift in Sources */,
				2097BF9D1D7E256000E59D12 /* IntroScene.swift in Sources */,
				20B125821D8CB97C0022EAFA /* AfterLevelScene.swift in Sources */,
				200D57211D873E3E0002BFD2 /* PlayerNode.swift in Sources */,
				204663D91D795A4C0019B96A /* GameViewController.swift in Sources */,
				201E09551D8E68870088B86E /* SettingsScene.swift in Sources */,
				204663E91D79615A0019B96A /* GameLevelModel.swift in Sources */,
				20415C791D8A1D4000AB1F0D /* SinkNode.swift in Sources */,
				2097BF9F1D7E257900E59D12 /* MenuScene.swift in Sources */,
				204663D31D795A4C0019B96A /* AppDelegate.swift in Sources */,
				20DAAE0D1D973AD7005EC7EE /* SKTAudio.swift in Sources */,
				2097BF991D7E252A00E59D12 /* GameLevelScene.swift in Sources */,
			);
			runOnlyForDeploymentPostprocessing = 0;
		};
/* End PBXSourcesBuildPhase section */

/* Begin PBXVariantGroup section */
		204663DA1D795A4C0019B96A /* Main.storyboard */ = {
			isa = PBXVariantGroup;
			children = (
				204663DB1D795A4C0019B96A /* Base */,
			);
			name = Main.storyboard;
			sourceTree = "<group>";
		};
		204663DF1D795A4C0019B96A /* LaunchScreen.storyboard */ = {
			isa = PBXVariantGroup;
			children = (
				204663E01D795A4C0019B96A /* Base */,
			);
			name = LaunchScreen.storyboard;
			sourceTree = "<group>";
		};
/* End PBXVariantGroup section */

/* Begin XCBuildConfiguration section */
		204663E31D795A4C0019B96A /* Debug */ = {
			isa = XCBuildConfiguration;
			buildSettings = {
				ALWAYS_SEARCH_USER_PATHS = NO;
				CLANG_ANALYZER_NONNULL = YES;
				CLANG_CXX_LANGUAGE_STANDARD = "gnu++0x";
				CLANG_CXX_LIBRARY = "libc++";
				CLANG_ENABLE_MODULES = YES;
				CLANG_ENABLE_OBJC_ARC = YES;
				CLANG_WARN_BOOL_CONVERSION = YES;
				CLANG_WARN_CONSTANT_CONVERSION = YES;
				CLANG_WARN_DIRECT_OBJC_ISA_USAGE = YES_ERROR;
				CLANG_WARN_EMPTY_BODY = YES;
				CLANG_WARN_ENUM_CONVERSION = YES;
				CLANG_WARN_INFINITE_RECURSION = YES;
				CLANG_WARN_INT_CONVERSION = YES;
				CLANG_WARN_OBJC_ROOT_CLASS = YES_ERROR;
				CLANG_WARN_SUSPICIOUS_MOVE = YES;
				CLANG_WARN_UNREACHABLE_CODE = YES;
				CLANG_WARN__DUPLICATE_METHOD_MATCH = YES;
				CODE_SIGN_IDENTITY = "iPhone Developer";
				COPY_PHASE_STRIP = NO;
				DEBUG_INFORMATION_FORMAT = "dwarf-with-dsym";
				DEVELOPMENT_TEAM = 4G9VZ63NB7;
				ENABLE_STRICT_OBJC_MSGSEND = YES;
				ENABLE_TESTABILITY = YES;
				GCC_C_LANGUAGE_STANDARD = gnu99;
				GCC_DYNAMIC_NO_PIC = NO;
				GCC_NO_COMMON_BLOCKS = YES;
				GCC_OPTIMIZATION_LEVEL = 0;
				GCC_PREPROCESSOR_DEFINITIONS = (
					"DEBUG=1",
					"$(inherited)",
				);
				GCC_WARN_64_TO_32_BIT_CONVERSION = YES;
				GCC_WARN_ABOUT_RETURN_TYPE = YES_ERROR;
				GCC_WARN_UNDECLARED_SELECTOR = YES;
				GCC_WARN_UNINITIALIZED_AUTOS = YES_AGGRESSIVE;
				GCC_WARN_UNUSED_FUNCTION = YES;
				GCC_WARN_UNUSED_VARIABLE = YES;
				IPHONEOS_DEPLOYMENT_TARGET = 9.3;
				MTL_ENABLE_DEBUG_INFO = YES;
				ONLY_ACTIVE_ARCH = YES;
				SDKROOT = iphoneos;
				SWIFT_OPTIMIZATION_LEVEL = "-Onone";
			};
			name = Debug;
		};
		204663E41D795A4C0019B96A /* Release */ = {
			isa = XCBuildConfiguration;
			buildSettings = {
				ALWAYS_SEARCH_USER_PATHS = NO;
				CLANG_ANALYZER_NONNULL = YES;
				CLANG_CXX_LANGUAGE_STANDARD = "gnu++0x";
				CLANG_CXX_LIBRARY = "libc++";
				CLANG_ENABLE_MODULES = YES;
				CLANG_ENABLE_OBJC_ARC = YES;
				CLANG_WARN_BOOL_CONVERSION = YES;
				CLANG_WARN_CONSTANT_CONVERSION = YES;
				CLANG_WARN_DIRECT_OBJC_ISA_USAGE = YES_ERROR;
				CLANG_WARN_EMPTY_BODY = YES;
				CLANG_WARN_ENUM_CONVERSION = YES;
				CLANG_WARN_INFINITE_RECURSION = YES;
				CLANG_WARN_INT_CONVERSION = YES;
				CLANG_WARN_OBJC_ROOT_CLASS = YES_ERROR;
				CLANG_WARN_SUSPICIOUS_MOVE = YES;
				CLANG_WARN_UNREACHABLE_CODE = YES;
				CLANG_WARN__DUPLICATE_METHOD_MATCH = YES;
				CODE_SIGN_IDENTITY = "iPhone Developer";
				COPY_PHASE_STRIP = NO;
				DEBUG_INFORMATION_FORMAT = "dwarf-with-dsym";
				DEVELOPMENT_TEAM = 4G9VZ63NB7;
				ENABLE_NS_ASSERTIONS = NO;
				ENABLE_STRICT_OBJC_MSGSEND = YES;
				GCC_C_LANGUAGE_STANDARD = gnu99;
				GCC_NO_COMMON_BLOCKS = YES;
				GCC_WARN_64_TO_32_BIT_CONVERSION = YES;
				GCC_WARN_ABOUT_RETURN_TYPE = YES_ERROR;
				GCC_WARN_UNDECLARED_SELECTOR = YES;
				GCC_WARN_UNINITIALIZED_AUTOS = YES_AGGRESSIVE;
				GCC_WARN_UNUSED_FUNCTION = YES;
				GCC_WARN_UNUSED_VARIABLE = YES;
				IPHONEOS_DEPLOYMENT_TARGET = 9.3;
				MTL_ENABLE_DEBUG_INFO = NO;
				SDKROOT = iphoneos;
				SWIFT_OPTIMIZATION_LEVEL = "-Owholemodule";
				VALIDATE_PRODUCT = YES;
			};
			name = Release;
		};
		204663E61D795A4C0019B96A /* Debug */ = {
			isa = XCBuildConfiguration;
			buildSettings = {
				ASSETCATALOG_COMPILER_APPICON_NAME = AppIcon;
				INFOPLIST_FILE = "Square Root Marbles/Info.plist";
				LD_RUNPATH_SEARCH_PATHS = "$(inherited) @executable_path/Frameworks";
				PRODUCT_BUNDLE_IDENTIFIER = "com.oneonepsilon.Square-Root-Marbles";
				PRODUCT_NAME = "$(TARGET_NAME)";
				SWIFT_VERSION = 3.0;
				TARGETED_DEVICE_FAMILY = 1;
			};
			name = Debug;
		};
		204663E71D795A4C0019B96A /* Release */ = {
			isa = XCBuildConfiguration;
			buildSettings = {
				ASSETCATALOG_COMPILER_APPICON_NAME = AppIcon;
				INFOPLIST_FILE = "Square Root Marbles/Info.plist";
				LD_RUNPATH_SEARCH_PATHS = "$(inherited) @executable_path/Frameworks";
				PRODUCT_BUNDLE_IDENTIFIER = "com.oneonepsilon.Square-Root-Marbles";
				PRODUCT_NAME = "$(TARGET_NAME)";
				SWIFT_VERSION = 3.0;
				TARGETED_DEVICE_FAMILY = 1;
			};
			name = Release;
		};
/* End XCBuildConfiguration section */

/* Begin XCConfigurationList section */
		204663CA1D795A4C0019B96A /* Build configuration list for PBXProject "Square Root Marbles" */ = {
			isa = XCConfigurationList;
			buildConfigurations = (
				204663E31D795A4C0019B96A /* Debug */,
				204663E41D795A4C0019B96A /* Release */,
			);
			defaultConfigurationIsVisible = 0;
			defaultConfigurationName = Release;
		};
		204663E51D795A4C0019B96A /* Build configuration list for PBXNativeTarget "Square Root Marbles" */ = {
			isa = XCConfigurationList;
			buildConfigurations = (
				204663E61D795A4C0019B96A /* Debug */,
				204663E71D795A4C0019B96A /* Release */,
			);
			defaultConfigurationIsVisible = 0;
			defaultConfigurationName = Release;
		};
/* End XCConfigurationList section */
	};
	rootObject = 204663C71D795A4C0019B96A /* Project object */;
}
