// !$*UTF8*$!
{
	archiveVersion = 1;
	classes = {
	};
	objectVersion = 46;
	objects = {

/* Begin PBXBuildFile section */
		200D57211D873E3E0002BFD2 /* PlayerNode.swift in Sources */ = {isa = PBXBuildFile; fileRef = 200D57201D873E3E0002BFD2 /* PlayerNode.swift */; };
		201E09531D8E685B0088B86E /* SettingsScene.sks in Resources */ = {isa = PBXBuildFile; fileRef = 201E09521D8E685B0088B86E /* SettingsScene.sks */; };
		201E09551D8E68870088B86E /* SettingsScene.swift in Sources */ = {isa = PBXBuildFile; fileRef = 201E09541D8E68870088B86E /* SettingsScene.swift */; };
		201E3CDB1D909E77006C18C6 /* 0015_game_event_02_victory.wav in Resources */ = {isa = PBXBuildFile; fileRef = 201E3CD91D909E77006C18C6 /* 0015_game_event_02_victory.wav */; };
		201E3CDC1D909E77006C18C6 /* 0015_game_event_03_achieve.wav in Resources */ = {isa = PBXBuildFile; fileRef = 201E3CDA1D909E77006C18C6 /* 0015_game_event_03_achieve.wav */; };
		201E3CDE1D909FAD006C18C6 /* 136_full_efficiency_0159.mp3 in Resources */ = {isa = PBXBuildFile; fileRef = 201E3CDD1D909FAD006C18C6 /* 136_full_efficiency_0159.mp3 */; };
		201E3CE91D911797006C18C6 /* obstacles1.plist in Resources */ = {isa = PBXBuildFile; fileRef = 201E3CE31D911797006C18C6 /* obstacles1.plist */; };
		201E3CEA1D911797006C18C6 /* obstacles3.plist in Resources */ = {isa = PBXBuildFile; fileRef = 201E3CE41D911797006C18C6 /* obstacles3.plist */; };
		201E3CEB1D911797006C18C6 /* operators1.plist in Resources */ = {isa = PBXBuildFile; fileRef = 201E3CE51D911797006C18C6 /* operators1.plist */; };
		201E3CEC1D911797006C18C6 /* operators3.plist in Resources */ = {isa = PBXBuildFile; fileRef = 201E3CE61D911797006C18C6 /* operators3.plist */; };
		201E3CED1D911797006C18C6 /* startAndSink1.plist in Resources */ = {isa = PBXBuildFile; fileRef = 201E3CE71D911797006C18C6 /* startAndSink1.plist */; };
		201E3CEE1D911797006C18C6 /* startAndSink3.plist in Resources */ = {isa = PBXBuildFile; fileRef = 201E3CE81D911797006C18C6 /* startAndSink3.plist */; };
		201E3CFB1D911F63006C18C6 /* operators4.plist in Resources */ = {isa = PBXBuildFile; fileRef = 201E3CF21D911F63006C18C6 /* operators4.plist */; };
		201E3D051D9121F8006C18C6 /* operators8.plist in Resources */ = {isa = PBXBuildFile; fileRef = 201E3D021D9121F8006C18C6 /* operators8.plist */; };
		201E3D061D9121F8006C18C6 /* startAndSink8.plist in Resources */ = {isa = PBXBuildFile; fileRef = 201E3D031D9121F8006C18C6 /* startAndSink8.plist */; };
		201E3D081D912246006C18C6 /* obstacles4.plist in Resources */ = {isa = PBXBuildFile; fileRef = 201E3D071D912246006C18C6 /* obstacles4.plist */; };
		201E3D0B1D91225B006C18C6 /* obstacles5.plist in Resources */ = {isa = PBXBuildFile; fileRef = 201E3D091D91225B006C18C6 /* obstacles5.plist */; };
		201E3D0C1D91225B006C18C6 /* obstacles7.plist in Resources */ = {isa = PBXBuildFile; fileRef = 201E3D0A1D91225B006C18C6 /* obstacles7.plist */; };
		201E3D0F1D912272006C18C6 /* operators5.plist in Resources */ = {isa = PBXBuildFile; fileRef = 201E3D0D1D912272006C18C6 /* operators5.plist */; };
		201E3D101D912272006C18C6 /* operators7.plist in Resources */ = {isa = PBXBuildFile; fileRef = 201E3D0E1D912272006C18C6 /* operators7.plist */; };
		201E3D141D912297006C18C6 /* startAndSink4.plist in Resources */ = {isa = PBXBuildFile; fileRef = 201E3D111D912297006C18C6 /* startAndSink4.plist */; };
		201E3D151D912297006C18C6 /* startAndSink5.plist in Resources */ = {isa = PBXBuildFile; fileRef = 201E3D121D912297006C18C6 /* startAndSink5.plist */; };
		201E3D161D912297006C18C6 /* startAndSink7.plist in Resources */ = {isa = PBXBuildFile; fileRef = 201E3D131D912297006C18C6 /* startAndSink7.plist */; };
		201E3D191D912BDD006C18C6 /* obstacles8.plist in Resources */ = {isa = PBXBuildFile; fileRef = 201E3D171D912BDD006C18C6 /* obstacles8.plist */; };
		201E3D221D912D3A006C18C6 /* obstacles9.plist in Resources */ = {isa = PBXBuildFile; fileRef = 201E3D1F1D912D3A006C18C6 /* obstacles9.plist */; };
		201E3D231D912D3A006C18C6 /* operators9.plist in Resources */ = {isa = PBXBuildFile; fileRef = 201E3D201D912D3A006C18C6 /* operators9.plist */; };
		201E3D241D912D3A006C18C6 /* startAndSink9.plist in Resources */ = {isa = PBXBuildFile; fileRef = 201E3D211D912D3A006C18C6 /* startAndSink9.plist */; };
		20415C791D8A1D4000AB1F0D /* SinkNode.swift in Sources */ = {isa = PBXBuildFile; fileRef = 20415C781D8A1D4000AB1F0D /* SinkNode.swift */; };
		204663D31D795A4C0019B96A /* AppDelegate.swift in Sources */ = {isa = PBXBuildFile; fileRef = 204663D21D795A4C0019B96A /* AppDelegate.swift */; };
		204663D91D795A4C0019B96A /* GameViewController.swift in Sources */ = {isa = PBXBuildFile; fileRef = 204663D81D795A4C0019B96A /* GameViewController.swift */; };
		204663DC1D795A4C0019B96A /* Main.storyboard in Resources */ = {isa = PBXBuildFile; fileRef = 204663DA1D795A4C0019B96A /* Main.storyboard */; };
		204663DE1D795A4C0019B96A /* Assets.xcassets in Resources */ = {isa = PBXBuildFile; fileRef = 204663DD1D795A4C0019B96A /* Assets.xcassets */; };
		204663E11D795A4C0019B96A /* LaunchScreen.storyboard in Resources */ = {isa = PBXBuildFile; fileRef = 204663DF1D795A4C0019B96A /* LaunchScreen.storyboard */; };
		204663E91D79615A0019B96A /* GameLevelModel.swift in Sources */ = {isa = PBXBuildFile; fileRef = 204663E81D79615A0019B96A /* GameLevelModel.swift */; };
		204663EB1D7963A00019B96A /* GameLevelDesignInfo.swift in Sources */ = {isa = PBXBuildFile; fileRef = 204663EA1D7963A00019B96A /* GameLevelDesignInfo.swift */; };
		2065409A1D7C16590082D92D /* GeneralConstants.swift in Sources */ = {isa = PBXBuildFile; fileRef = 206540991D7C16590082D92D /* GeneralConstants.swift */; };
		2079F8631D86094000F74E4E /* LevelsPlan.swift in Sources */ = {isa = PBXBuildFile; fileRef = 2079F8621D86094000F74E4E /* LevelsPlan.swift */; };
		208FB0161D8D540700180EAE /* MessageNode.swift in Sources */ = {isa = PBXBuildFile; fileRef = 208FB0151D8D540700180EAE /* MessageNode.swift */; };
		208FB01D1D8D921C00180EAE /* SquareRootParticle.sks in Resources */ = {isa = PBXBuildFile; fileRef = 208FB01B1D8D921C00180EAE /* SquareRootParticle.sks */; };
		208FB01E1D8D921C00180EAE /* spark.png in Resources */ = {isa = PBXBuildFile; fileRef = 208FB01C1D8D921C00180EAE /* spark.png */; };
		208FB0201D8D958E00180EAE /* BadExplosionParticle.sks in Resources */ = {isa = PBXBuildFile; fileRef = 208FB01F1D8D958E00180EAE /* BadExplosionParticle.sks */; };
		2097BF991D7E252A00E59D12 /* GameLevelScene.swift in Sources */ = {isa = PBXBuildFile; fileRef = 2097BF981D7E252A00E59D12 /* GameLevelScene.swift */; };
		2097BF9B1D7E254700E59D12 /* InstructionsScence.swift in Sources */ = {isa = PBXBuildFile; fileRef = 2097BF9A1D7E254700E59D12 /* InstructionsScence.swift */; };
		2097BF9D1D7E256000E59D12 /* IntroScene.swift in Sources */ = {isa = PBXBuildFile; fileRef = 2097BF9C1D7E256000E59D12 /* IntroScene.swift */; };
		2097BF9F1D7E257900E59D12 /* MenuScene.swift in Sources */ = {isa = PBXBuildFile; fileRef = 2097BF9E1D7E257900E59D12 /* MenuScene.swift */; };
		2097BFA31D7E3C3900E59D12 /* MenuScene.sks in Resources */ = {isa = PBXBuildFile; fileRef = 2097BFA21D7E3C3900E59D12 /* MenuScene.sks */; };
		2097BFA51D7E3C5500E59D12 /* GameLevelScene.sks in Resources */ = {isa = PBXBuildFile; fileRef = 2097BFA41D7E3C5500E59D12 /* GameLevelScene.sks */; };
		2097BFA71D7E3C9800E59D12 /* IntroScene.sks in Resources */ = {isa = PBXBuildFile; fileRef = 2097BFA61D7E3C9800E59D12 /* IntroScene.sks */; };
		2097BFA91D7E3CBB00E59D12 /* InstructionsScene.sks in Resources */ = {isa = PBXBuildFile; fileRef = 2097BFA81D7E3CBB00E59D12 /* InstructionsScene.sks */; };
		20A7CC501D8AE68E00A06482 /* sms-alert-1-daniel_simon.wav in Resources */ = {isa = PBXBuildFile; fileRef = 20A7CC4F1D8AE68E00A06482 /* sms-alert-1-daniel_simon.wav */; };
		20AEB33D1D8E41B500FC40D8 /* robotBlip.wav in Resources */ = {isa = PBXBuildFile; fileRef = 20AEB33C1D8E41B500FC40D8 /* robotBlip.wav */; };
		20B1257F1D8CAE4C0022EAFA /* AfterLevelScene.sks in Resources */ = {isa = PBXBuildFile; fileRef = 20B1257E1D8CAE4C0022EAFA /* AfterLevelScene.sks */; };
		20B125821D8CB97C0022EAFA /* AfterLevelScene.swift in Sources */ = {isa = PBXBuildFile; fileRef = 20B125811D8CB97C0022EAFA /* AfterLevelScene.swift */; };
		20C565741D8105380011846E /* Plist.swift in Sources */ = {isa = PBXBuildFile; fileRef = 20C565731D8105380011846E /* Plist.swift */; };
		20CB3AEA1D902C870005C590 /* knock.wav in Resources */ = {isa = PBXBuildFile; fileRef = 20CB3AE91D902C870005C590 /* knock.wav */; };
		20D2F9851D894D360081AA19 /* OperatorNode.swift in Sources */ = {isa = PBXBuildFile; fileRef = 20D2F9841D894D360081AA19 /* OperatorNode.swift */; };
		20D779CB1D8ED02E00379C9E /* obstacles2.plist in Resources */ = {isa = PBXBuildFile; fileRef = 20D779C81D8ED02E00379C9E /* obstacles2.plist */; };
		20D779CC1D8ED02E00379C9E /* operators2.plist in Resources */ = {isa = PBXBuildFile; fileRef = 20D779C91D8ED02E00379C9E /* operators2.plist */; };
		20D779CD1D8ED02E00379C9E /* startAndSink2.plist in Resources */ = {isa = PBXBuildFile; fileRef = 20D779CA1D8ED02E00379C9E /* startAndSink2.plist */; };
		20FB5E761D8F509C00CAACD7 /* obstacles6.plist in Resources */ = {isa = PBXBuildFile; fileRef = 20FB5E731D8F509C00CAACD7 /* obstacles6.plist */; };
		20FB5EAB1D8F50BB00CAACD7 /* obstacles10.plist in Resources */ = {isa = PBXBuildFile; fileRef = 20FB5E7A1D8F50BB00CAACD7 /* obstacles10.plist */; };
		20FB5EAC1D8F50BB00CAACD7 /* obstacles11.plist in Resources */ = {isa = PBXBuildFile; fileRef = 20FB5E7B1D8F50BB00CAACD7 /* obstacles11.plist */; };
		20FB5EAD1D8F50BB00CAACD7 /* obstacles12.plist in Resources */ = {isa = PBXBuildFile; fileRef = 20FB5E7C1D8F50BB00CAACD7 /* obstacles12.plist */; };
		20FB5EAE1D8F50BB00CAACD7 /* obstacles13.plist in Resources */ = {isa = PBXBuildFile; fileRef = 20FB5E7D1D8F50BB00CAACD7 /* obstacles13.plist */; };
		20FB5EAF1D8F50BB00CAACD7 /* obstacles14.plist in Resources */ = {isa = PBXBuildFile; fileRef = 20FB5E7E1D8F50BB00CAACD7 /* obstacles14.plist */; };
		20FB5EB01D8F50BB00CAACD7 /* obstacles15.plist in Resources */ = {isa = PBXBuildFile; fileRef = 20FB5E7F1D8F50BB00CAACD7 /* obstacles15.plist */; };
		20FB5EB11D8F50BB00CAACD7 /* obstacles16.plist in Resources */ = {isa = PBXBuildFile; fileRef = 20FB5E801D8F50BB00CAACD7 /* obstacles16.plist */; };
		20FB5EB21D8F50BB00CAACD7 /* obstacles17.plist in Resources */ = {isa = PBXBuildFile; fileRef = 20FB5E811D8F50BB00CAACD7 /* obstacles17.plist */; };
		20FB5EB31D8F50BB00CAACD7 /* obstacles18.plist in Resources */ = {isa = PBXBuildFile; fileRef = 20FB5E821D8F50BB00CAACD7 /* obstacles18.plist */; };
		20FB5EB41D8F50BB00CAACD7 /* obstacles19.plist in Resources */ = {isa = PBXBuildFile; fileRef = 20FB5E831D8F50BB00CAACD7 /* obstacles19.plist */; };
		20FB5EB51D8F50BB00CAACD7 /* obstacles20.plist in Resources */ = {isa = PBXBuildFile; fileRef = 20FB5E841D8F50BB00CAACD7 /* obstacles20.plist */; };
		20FB5EB61D8F50BB00CAACD7 /* obstacles21.plist in Resources */ = {isa = PBXBuildFile; fileRef = 20FB5E851D8F50BB00CAACD7 /* obstacles21.plist */; };
		20FB5EB71D8F50BB00CAACD7 /* obstacles22.plist in Resources */ = {isa = PBXBuildFile; fileRef = 20FB5E861D8F50BB00CAACD7 /* obstacles22.plist */; };
		20FB5EB81D8F50BB00CAACD7 /* obstacles23.plist in Resources */ = {isa = PBXBuildFile; fileRef = 20FB5E871D8F50BB00CAACD7 /* obstacles23.plist */; };
		20FB5EB91D8F50BB00CAACD7 /* obstacles24.plist in Resources */ = {isa = PBXBuildFile; fileRef = 20FB5E881D8F50BB00CAACD7 /* obstacles24.plist */; };
		20FB5EBA1D8F50BB00CAACD7 /* obstacles25.plist in Resources */ = {isa = PBXBuildFile; fileRef = 20FB5E891D8F50BB00CAACD7 /* obstacles25.plist */; };
		20FB5EBB1D8F50BB00CAACD7 /* obstacles26.plist in Resources */ = {isa = PBXBuildFile; fileRef = 20FB5E8A1D8F50BB00CAACD7 /* obstacles26.plist */; };
		20FB5EBC1D8F50BB00CAACD7 /* obstacles27.plist in Resources */ = {isa = PBXBuildFile; fileRef = 20FB5E8B1D8F50BB00CAACD7 /* obstacles27.plist */; };
		20FB5EBD1D8F50BB00CAACD7 /* obstacles28.plist in Resources */ = {isa = PBXBuildFile; fileRef = 20FB5E8C1D8F50BB00CAACD7 /* obstacles28.plist */; };
		20FB5EBE1D8F50BB00CAACD7 /* obstacles29.plist in Resources */ = {isa = PBXBuildFile; fileRef = 20FB5E8D1D8F50BB00CAACD7 /* obstacles29.plist */; };
		20FB5EBF1D8F50BB00CAACD7 /* obstacles30.plist in Resources */ = {isa = PBXBuildFile; fileRef = 20FB5E8E1D8F50BB00CAACD7 /* obstacles30.plist */; };
		20FB5EC11D8F50BB00CAACD7 /* operators6.plist in Resources */ = {isa = PBXBuildFile; fileRef = 20FB5E901D8F50BB00CAACD7 /* operators6.plist */; };
		20FB5EC51D8F50BB00CAACD7 /* operators10.plist in Resources */ = {isa = PBXBuildFile; fileRef = 20FB5E941D8F50BB00CAACD7 /* operators10.plist */; };
		20FB5EC61D8F50BB00CAACD7 /* operators11.plist in Resources */ = {isa = PBXBuildFile; fileRef = 20FB5E951D8F50BB00CAACD7 /* operators11.plist */; };
		20FB5EC71D8F50BB00CAACD7 /* operators12.plist in Resources */ = {isa = PBXBuildFile; fileRef = 20FB5E961D8F50BB00CAACD7 /* operators12.plist */; };
		20FB5EC81D8F50BB00CAACD7 /* operators13.plist in Resources */ = {isa = PBXBuildFile; fileRef = 20FB5E971D8F50BB00CAACD7 /* operators13.plist */; };
		20FB5EC91D8F50BB00CAACD7 /* operators14.plist in Resources */ = {isa = PBXBuildFile; fileRef = 20FB5E981D8F50BB00CAACD7 /* operators14.plist */; };
		20FB5ECA1D8F50BB00CAACD7 /* operators15.plist in Resources */ = {isa = PBXBuildFile; fileRef = 20FB5E991D8F50BB00CAACD7 /* operators15.plist */; };
		20FB5ECB1D8F50BB00CAACD7 /* operators16.plist in Resources */ = {isa = PBXBuildFile; fileRef = 20FB5E9A1D8F50BB00CAACD7 /* operators16.plist */; };
		20FB5ECC1D8F50BB00CAACD7 /* operators17.plist in Resources */ = {isa = PBXBuildFile; fileRef = 20FB5E9B1D8F50BB00CAACD7 /* operators17.plist */; };
		20FB5ECD1D8F50BB00CAACD7 /* operators18.plist in Resources */ = {isa = PBXBuildFile; fileRef = 20FB5E9C1D8F50BB00CAACD7 /* operators18.plist */; };
		20FB5ECE1D8F50BB00CAACD7 /* operators19.plist in Resources */ = {isa = PBXBuildFile; fileRef = 20FB5E9D1D8F50BB00CAACD7 /* operators19.plist */; };
		20FB5ECF1D8F50BB00CAACD7 /* operators20.plist in Resources */ = {isa = PBXBuildFile; fileRef = 20FB5E9E1D8F50BB00CAACD7 /* operators20.plist */; };
		20FB5ED01D8F50BB00CAACD7 /* operators21.plist in Resources */ = {isa = PBXBuildFile; fileRef = 20FB5E9F1D8F50BB00CAACD7 /* operators21.plist */; };
		20FB5ED11D8F50BB00CAACD7 /* operators22.plist in Resources */ = {isa = PBXBuildFile; fileRef = 20FB5EA01D8F50BB00CAACD7 /* operators22.plist */; };
		20FB5ED21D8F50BB00CAACD7 /* operators23.plist in Resources */ = {isa = PBXBuildFile; fileRef = 20FB5EA11D8F50BB00CAACD7 /* operators23.plist */; };
		20FB5ED31D8F50BB00CAACD7 /* operators24.plist in Resources */ = {isa = PBXBuildFile; fileRef = 20FB5EA21D8F50BB00CAACD7 /* operators24.plist */; };
		20FB5ED41D8F50BB00CAACD7 /* operators25.plist in Resources */ = {isa = PBXBuildFile; fileRef = 20FB5EA31D8F50BB00CAACD7 /* operators25.plist */; };
		20FB5ED51D8F50BB00CAACD7 /* operators26.plist in Resources */ = {isa = PBXBuildFile; fileRef = 20FB5EA41D8F50BB00CAACD7 /* operators26.plist */; };
		20FB5ED61D8F50BB00CAACD7 /* operators27.plist in Resources */ = {isa = PBXBuildFile; fileRef = 20FB5EA51D8F50BB00CAACD7 /* operators27.plist */; };
		20FB5ED71D8F50BB00CAACD7 /* operators28.plist in Resources */ = {isa = PBXBuildFile; fileRef = 20FB5EA61D8F50BB00CAACD7 /* operators28.plist */; };
		20FB5ED81D8F50BB00CAACD7 /* operators29.plist in Resources */ = {isa = PBXBuildFile; fileRef = 20FB5EA71D8F50BB00CAACD7 /* operators29.plist */; };
		20FB5ED91D8F50BB00CAACD7 /* operators30.plist in Resources */ = {isa = PBXBuildFile; fileRef = 20FB5EA81D8F50BB00CAACD7 /* operators30.plist */; };
		20FB5EF51D8F50CE00CAACD7 /* startAndSink6.plist in Resources */ = {isa = PBXBuildFile; fileRef = 20FB5EDB1D8F50CE00CAACD7 /* startAndSink6.plist */; };
		20FB5EF91D8F50CE00CAACD7 /* startAndSink10.plist in Resources */ = {isa = PBXBuildFile; fileRef = 20FB5EDF1D8F50CE00CAACD7 /* startAndSink10.plist */; };
		20FB5EFA1D8F50CE00CAACD7 /* startAndSink11.plist in Resources */ = {isa = PBXBuildFile; fileRef = 20FB5EE01D8F50CE00CAACD7 /* startAndSink11.plist */; };
		20FB5EFB1D8F50CE00CAACD7 /* startAndSink12.plist in Resources */ = {isa = PBXBuildFile; fileRef = 20FB5EE11D8F50CE00CAACD7 /* startAndSink12.plist */; };
		20FB5EFC1D8F50CE00CAACD7 /* startAndSink13.plist in Resources */ = {isa = PBXBuildFile; fileRef = 20FB5EE21D8F50CE00CAACD7 /* startAndSink13.plist */; };
		20FB5EFD1D8F50CE00CAACD7 /* startAndSink14.plist in Resources */ = {isa = PBXBuildFile; fileRef = 20FB5EE31D8F50CE00CAACD7 /* startAndSink14.plist */; };
		20FB5EFE1D8F50CE00CAACD7 /* startAndSink15.plist in Resources */ = {isa = PBXBuildFile; fileRef = 20FB5EE41D8F50CE00CAACD7 /* startAndSink15.plist */; };
		20FB5EFF1D8F50CE00CAACD7 /* startAndSink16.plist in Resources */ = {isa = PBXBuildFile; fileRef = 20FB5EE51D8F50CE00CAACD7 /* startAndSink16.plist */; };
		20FB5F001D8F50CE00CAACD7 /* startAndSink17.plist in Resources */ = {isa = PBXBuildFile; fileRef = 20FB5EE61D8F50CE00CAACD7 /* startAndSink17.plist */; };
		20FB5F011D8F50CE00CAACD7 /* startAndSink18.plist in Resources */ = {isa = PBXBuildFile; fileRef = 20FB5EE71D8F50CE00CAACD7 /* startAndSink18.plist */; };
		20FB5F021D8F50CE00CAACD7 /* startAndSink19.plist in Resources */ = {isa = PBXBuildFile; fileRef = 20FB5EE81D8F50CE00CAACD7 /* startAndSink19.plist */; };
		20FB5F031D8F50CE00CAACD7 /* startAndSink20.plist in Resources */ = {isa = PBXBuildFile; fileRef = 20FB5EE91D8F50CE00CAACD7 /* startAndSink20.plist */; };
		20FB5F041D8F50CE00CAACD7 /* startAndSink21.plist in Resources */ = {isa = PBXBuildFile; fileRef = 20FB5EEA1D8F50CE00CAACD7 /* startAndSink21.plist */; };
		20FB5F051D8F50CE00CAACD7 /* startAndSink22.plist in Resources */ = {isa = PBXBuildFile; fileRef = 20FB5EEB1D8F50CE00CAACD7 /* startAndSink22.plist */; };
		20FB5F061D8F50CE00CAACD7 /* startAndSink23.plist in Resources */ = {isa = PBXBuildFile; fileRef = 20FB5EEC1D8F50CE00CAACD7 /* startAndSink23.plist */; };
		20FB5F071D8F50CE00CAACD7 /* startAndSink24.plist in Resources */ = {isa = PBXBuildFile; fileRef = 20FB5EED1D8F50CE00CAACD7 /* startAndSink24.plist */; };
		20FB5F081D8F50CE00CAACD7 /* startAndSink25.plist in Resources */ = {isa = PBXBuildFile; fileRef = 20FB5EEE1D8F50CE00CAACD7 /* startAndSink25.plist */; };
		20FB5F091D8F50CE00CAACD7 /* startAndSink26.plist in Resources */ = {isa = PBXBuildFile; fileRef = 20FB5EEF1D8F50CE00CAACD7 /* startAndSink26.plist */; };
		20FB5F0A1D8F50CE00CAACD7 /* startAndSink27.plist in Resources */ = {isa = PBXBuildFile; fileRef = 20FB5EF01D8F50CE00CAACD7 /* startAndSink27.plist */; };
		20FB5F0B1D8F50CE00CAACD7 /* startAndSink28.plist in Resources */ = {isa = PBXBuildFile; fileRef = 20FB5EF11D8F50CE00CAACD7 /* startAndSink28.plist */; };
		20FB5F0C1D8F50CE00CAACD7 /* startAndSink29.plist in Resources */ = {isa = PBXBuildFile; fileRef = 20FB5EF21D8F50CE00CAACD7 /* startAndSink29.plist */; };
		20FB5F0D1D8F50CE00CAACD7 /* startAndSink30.plist in Resources */ = {isa = PBXBuildFile; fileRef = 20FB5EF31D8F50CE00CAACD7 /* startAndSink30.plist */; };
/* End PBXBuildFile section */

/* Begin PBXFileReference section */
		200D57201D873E3E0002BFD2 /* PlayerNode.swift */ = {isa = PBXFileReference; fileEncoding = 4; lastKnownFileType = sourcecode.swift; name = PlayerNode.swift; path = ../PlayerNode.swift; sourceTree = "<group>"; };
		201E09521D8E685B0088B86E /* SettingsScene.sks */ = {isa = PBXFileReference; lastKnownFileType = file.sks; path = SettingsScene.sks; sourceTree = "<group>"; };
		201E09541D8E68870088B86E /* SettingsScene.swift */ = {isa = PBXFileReference; fileEncoding = 4; lastKnownFileType = sourcecode.swift; path = SettingsScene.swift; sourceTree = "<group>"; };
		201E3CD91D909E77006C18C6 /* 0015_game_event_02_victory.wav */ = {isa = PBXFileReference; lastKnownFileType = audio.wav; path = 0015_game_event_02_victory.wav; sourceTree = "<group>"; };
		201E3CDA1D909E77006C18C6 /* 0015_game_event_03_achieve.wav */ = {isa = PBXFileReference; lastKnownFileType = audio.wav; path = 0015_game_event_03_achieve.wav; sourceTree = "<group>"; };
		201E3CDD1D909FAD006C18C6 /* 136_full_efficiency_0159.mp3 */ = {isa = PBXFileReference; lastKnownFileType = audio.mp3; path = 136_full_efficiency_0159.mp3; sourceTree = "<group>"; };
		201E3CE31D911797006C18C6 /* obstacles1.plist */ = {isa = PBXFileReference; fileEncoding = 4; lastKnownFileType = text.plist.xml; path = obstacles1.plist; sourceTree = "<group>"; };
		201E3CE41D911797006C18C6 /* obstacles3.plist */ = {isa = PBXFileReference; fileEncoding = 4; lastKnownFileType = text.plist.xml; path = obstacles3.plist; sourceTree = "<group>"; };
		201E3CE51D911797006C18C6 /* operators1.plist */ = {isa = PBXFileReference; fileEncoding = 4; lastKnownFileType = text.plist.xml; path = operators1.plist; sourceTree = "<group>"; };
		201E3CE61D911797006C18C6 /* operators3.plist */ = {isa = PBXFileReference; fileEncoding = 4; lastKnownFileType = text.plist.xml; path = operators3.plist; sourceTree = "<group>"; };
		201E3CE71D911797006C18C6 /* startAndSink1.plist */ = {isa = PBXFileReference; fileEncoding = 4; lastKnownFileType = text.plist.xml; path = startAndSink1.plist; sourceTree = "<group>"; };
		201E3CE81D911797006C18C6 /* startAndSink3.plist */ = {isa = PBXFileReference; fileEncoding = 4; lastKnownFileType = text.plist.xml; path = startAndSink3.plist; sourceTree = "<group>"; };
		201E3CF21D911F63006C18C6 /* operators4.plist */ = {isa = PBXFileReference; fileEncoding = 4; lastKnownFileType = text.plist.xml; path = operators4.plist; sourceTree = "<group>"; };
		201E3D021D9121F8006C18C6 /* operators8.plist */ = {isa = PBXFileReference; fileEncoding = 4; lastKnownFileType = text.plist.xml; path = operators8.plist; sourceTree = "<group>"; };
		201E3D031D9121F8006C18C6 /* startAndSink8.plist */ = {isa = PBXFileReference; fileEncoding = 4; lastKnownFileType = text.plist.xml; path = startAndSink8.plist; sourceTree = "<group>"; };
		201E3D071D912246006C18C6 /* obstacles4.plist */ = {isa = PBXFileReference; fileEncoding = 4; lastKnownFileType = text.plist.xml; path = obstacles4.plist; sourceTree = "<group>"; };
		201E3D091D91225B006C18C6 /* obstacles5.plist */ = {isa = PBXFileReference; fileEncoding = 4; lastKnownFileType = text.plist.xml; path = obstacles5.plist; sourceTree = "<group>"; };
		201E3D0A1D91225B006C18C6 /* obstacles7.plist */ = {isa = PBXFileReference; fileEncoding = 4; lastKnownFileType = text.plist.xml; path = obstacles7.plist; sourceTree = "<group>"; };
		201E3D0D1D912272006C18C6 /* operators5.plist */ = {isa = PBXFileReference; fileEncoding = 4; lastKnownFileType = text.plist.xml; path = operators5.plist; sourceTree = "<group>"; };
		201E3D0E1D912272006C18C6 /* operators7.plist */ = {isa = PBXFileReference; fileEncoding = 4; lastKnownFileType = text.plist.xml; path = operators7.plist; sourceTree = "<group>"; };
		201E3D111D912297006C18C6 /* startAndSink4.plist */ = {isa = PBXFileReference; fileEncoding = 4; lastKnownFileType = text.plist.xml; path = startAndSink4.plist; sourceTree = "<group>"; };
		201E3D121D912297006C18C6 /* startAndSink5.plist */ = {isa = PBXFileReference; fileEncoding = 4; lastKnownFileType = text.plist.xml; path = startAndSink5.plist; sourceTree = "<group>"; };
		201E3D131D912297006C18C6 /* startAndSink7.plist */ = {isa = PBXFileReference; fileEncoding = 4; lastKnownFileType = text.plist.xml; path = startAndSink7.plist; sourceTree = "<group>"; };
		201E3D171D912BDD006C18C6 /* obstacles8.plist */ = {isa = PBXFileReference; fileEncoding = 4; lastKnownFileType = text.plist.xml; path = obstacles8.plist; sourceTree = "<group>"; };
		201E3D1F1D912D3A006C18C6 /* obstacles9.plist */ = {isa = PBXFileReference; fileEncoding = 4; lastKnownFileType = text.plist.xml; path = obstacles9.plist; sourceTree = "<group>"; };
		201E3D201D912D3A006C18C6 /* operators9.plist */ = {isa = PBXFileReference; fileEncoding = 4; lastKnownFileType = text.plist.xml; path = operators9.plist; sourceTree = "<group>"; };
		201E3D211D912D3A006C18C6 /* startAndSink9.plist */ = {isa = PBXFileReference; fileEncoding = 4; lastKnownFileType = text.plist.xml; path = startAndSink9.plist; sourceTree = "<group>"; };
		20415C781D8A1D4000AB1F0D /* SinkNode.swift */ = {isa = PBXFileReference; fileEncoding = 4; lastKnownFileType = sourcecode.swift; path = SinkNode.swift; sourceTree = "<group>"; };
		204663CF1D795A4C0019B96A /* Square Root Marbles.app */ = {isa = PBXFileReference; explicitFileType = wrapper.application; includeInIndex = 0; path = "Square Root Marbles.app"; sourceTree = BUILT_PRODUCTS_DIR; };
		204663D21D795A4C0019B96A /* AppDelegate.swift */ = {isa = PBXFileReference; lastKnownFileType = sourcecode.swift; path = AppDelegate.swift; sourceTree = "<group>"; };
		204663D81D795A4C0019B96A /* GameViewController.swift */ = {isa = PBXFileReference; lastKnownFileType = sourcecode.swift; path = GameViewController.swift; sourceTree = "<group>"; };
		204663DB1D795A4C0019B96A /* Base */ = {isa = PBXFileReference; lastKnownFileType = file.storyboard; name = Base; path = Base.lproj/Main.storyboard; sourceTree = "<group>"; };
		204663DD1D795A4C0019B96A /* Assets.xcassets */ = {isa = PBXFileReference; lastKnownFileType = folder.assetcatalog; path = Assets.xcassets; sourceTree = "<group>"; };
		204663E01D795A4C0019B96A /* Base */ = {isa = PBXFileReference; lastKnownFileType = file.storyboard; name = Base; path = Base.lproj/LaunchScreen.storyboard; sourceTree = "<group>"; };
		204663E21D795A4C0019B96A /* Info.plist */ = {isa = PBXFileReference; lastKnownFileType = text.plist.xml; path = Info.plist; sourceTree = "<group>"; };
		204663E81D79615A0019B96A /* GameLevelModel.swift */ = {isa = PBXFileReference; fileEncoding = 4; lastKnownFileType = sourcecode.swift; path = GameLevelModel.swift; sourceTree = "<group>"; };
		204663EA1D7963A00019B96A /* GameLevelDesignInfo.swift */ = {isa = PBXFileReference; fileEncoding = 4; lastKnownFileType = sourcecode.swift; path = GameLevelDesignInfo.swift; sourceTree = "<group>"; };
		206540991D7C16590082D92D /* GeneralConstants.swift */ = {isa = PBXFileReference; fileEncoding = 4; lastKnownFileType = sourcecode.swift; path = GeneralConstants.swift; sourceTree = "<group>"; };
		2079F8621D86094000F74E4E /* LevelsPlan.swift */ = {isa = PBXFileReference; fileEncoding = 4; lastKnownFileType = sourcecode.swift; path = LevelsPlan.swift; sourceTree = "<group>"; };
		208FB0151D8D540700180EAE /* MessageNode.swift */ = {isa = PBXFileReference; fileEncoding = 4; lastKnownFileType = sourcecode.swift; path = MessageNode.swift; sourceTree = "<group>"; };
		208FB01B1D8D921C00180EAE /* SquareRootParticle.sks */ = {isa = PBXFileReference; lastKnownFileType = file.sks; path = SquareRootParticle.sks; sourceTree = "<group>"; };
		208FB01C1D8D921C00180EAE /* spark.png */ = {isa = PBXFileReference; lastKnownFileType = image.png; path = spark.png; sourceTree = "<group>"; };
		208FB01F1D8D958E00180EAE /* BadExplosionParticle.sks */ = {isa = PBXFileReference; lastKnownFileType = file.sks; path = BadExplosionParticle.sks; sourceTree = "<group>"; };
		2097BF981D7E252A00E59D12 /* GameLevelScene.swift */ = {isa = PBXFileReference; fileEncoding = 4; lastKnownFileType = sourcecode.swift; path = GameLevelScene.swift; sourceTree = "<group>"; };
		2097BF9A1D7E254700E59D12 /* InstructionsScence.swift */ = {isa = PBXFileReference; fileEncoding = 4; lastKnownFileType = sourcecode.swift; path = InstructionsScence.swift; sourceTree = "<group>"; };
		2097BF9C1D7E256000E59D12 /* IntroScene.swift */ = {isa = PBXFileReference; fileEncoding = 4; lastKnownFileType = sourcecode.swift; path = IntroScene.swift; sourceTree = "<group>"; };
		2097BF9E1D7E257900E59D12 /* MenuScene.swift */ = {isa = PBXFileReference; fileEncoding = 4; lastKnownFileType = sourcecode.swift; path = MenuScene.swift; sourceTree = "<group>"; };
		2097BFA21D7E3C3900E59D12 /* MenuScene.sks */ = {isa = PBXFileReference; lastKnownFileType = file.sks; path = MenuScene.sks; sourceTree = "<group>"; };
		2097BFA41D7E3C5500E59D12 /* GameLevelScene.sks */ = {isa = PBXFileReference; lastKnownFileType = file.sks; path = GameLevelScene.sks; sourceTree = "<group>"; };
		2097BFA61D7E3C9800E59D12 /* IntroScene.sks */ = {isa = PBXFileReference; lastKnownFileType = file.sks; path = IntroScene.sks; sourceTree = "<group>"; };
		2097BFA81D7E3CBB00E59D12 /* InstructionsScene.sks */ = {isa = PBXFileReference; lastKnownFileType = file.sks; path = InstructionsScene.sks; sourceTree = "<group>"; };
		20A7CC4F1D8AE68E00A06482 /* sms-alert-1-daniel_simon.wav */ = {isa = PBXFileReference; lastKnownFileType = audio.wav; path = "sms-alert-1-daniel_simon.wav"; sourceTree = "<group>"; };
		20AEB33C1D8E41B500FC40D8 /* robotBlip.wav */ = {isa = PBXFileReference; lastKnownFileType = audio.wav; path = robotBlip.wav; sourceTree = "<group>"; };
		20B1257E1D8CAE4C0022EAFA /* AfterLevelScene.sks */ = {isa = PBXFileReference; lastKnownFileType = file.sks; path = AfterLevelScene.sks; sourceTree = "<group>"; };
		20B125811D8CB97C0022EAFA /* AfterLevelScene.swift */ = {isa = PBXFileReference; fileEncoding = 4; lastKnownFileType = sourcecode.swift; path = AfterLevelScene.swift; sourceTree = "<group>"; };
		20C565731D8105380011846E /* Plist.swift */ = {isa = PBXFileReference; fileEncoding = 4; lastKnownFileType = sourcecode.swift; path = Plist.swift; sourceTree = "<group>"; };
		20CB3AE91D902C870005C590 /* knock.wav */ = {isa = PBXFileReference; lastKnownFileType = audio.wav; path = knock.wav; sourceTree = "<group>"; };
		20D2F9841D894D360081AA19 /* OperatorNode.swift */ = {isa = PBXFileReference; fileEncoding = 4; lastKnownFileType = sourcecode.swift; name = OperatorNode.swift; path = ../OperatorNode.swift; sourceTree = "<group>"; };
		20D779C81D8ED02E00379C9E /* obstacles2.plist */ = {isa = PBXFileReference; fileEncoding = 4; lastKnownFileType = text.plist.xml; path = obstacles2.plist; sourceTree = "<group>"; };
		20D779C91D8ED02E00379C9E /* operators2.plist */ = {isa = PBXFileReference; fileEncoding = 4; lastKnownFileType = text.plist.xml; path = operators2.plist; sourceTree = "<group>"; };
		20D779CA1D8ED02E00379C9E /* startAndSink2.plist */ = {isa = PBXFileReference; fileEncoding = 4; lastKnownFileType = text.plist.xml; path = startAndSink2.plist; sourceTree = "<group>"; };
		20FB5E731D8F509C00CAACD7 /* obstacles6.plist */ = {isa = PBXFileReference; fileEncoding = 4; lastKnownFileType = text.plist.xml; path = obstacles6.plist; sourceTree = "<group>"; };
		20FB5E7A1D8F50BB00CAACD7 /* obstacles10.plist */ = {isa = PBXFileReference; fileEncoding = 4; lastKnownFileType = text.plist.xml; path = obstacles10.plist; sourceTree = "<group>"; };
		20FB5E7B1D8F50BB00CAACD7 /* obstacles11.plist */ = {isa = PBXFileReference; fileEncoding = 4; lastKnownFileType = text.plist.xml; path = obstacles11.plist; sourceTree = "<group>"; };
		20FB5E7C1D8F50BB00CAACD7 /* obstacles12.plist */ = {isa = PBXFileReference; fileEncoding = 4; lastKnownFileType = text.plist.xml; path = obstacles12.plist; sourceTree = "<group>"; };
		20FB5E7D1D8F50BB00CAACD7 /* obstacles13.plist */ = {isa = PBXFileReference; fileEncoding = 4; lastKnownFileType = text.plist.xml; path = obstacles13.plist; sourceTree = "<group>"; };
		20FB5E7E1D8F50BB00CAACD7 /* obstacles14.plist */ = {isa = PBXFileReference; fileEncoding = 4; lastKnownFileType = text.plist.xml; path = obstacles14.plist; sourceTree = "<group>"; };
		20FB5E7F1D8F50BB00CAACD7 /* obstacles15.plist */ = {isa = PBXFileReference; fileEncoding = 4; lastKnownFileType = text.plist.xml; path = obstacles15.plist; sourceTree = "<group>"; };
		20FB5E801D8F50BB00CAACD7 /* obstacles16.plist */ = {isa = PBXFileReference; fileEncoding = 4; lastKnownFileType = text.plist.xml; path = obstacles16.plist; sourceTree = "<group>"; };
		20FB5E811D8F50BB00CAACD7 /* obstacles17.plist */ = {isa = PBXFileReference; fileEncoding = 4; lastKnownFileType = text.plist.xml; path = obstacles17.plist; sourceTree = "<group>"; };
		20FB5E821D8F50BB00CAACD7 /* obstacles18.plist */ = {isa = PBXFileReference; fileEncoding = 4; lastKnownFileType = text.plist.xml; path = obstacles18.plist; sourceTree = "<group>"; };
		20FB5E831D8F50BB00CAACD7 /* obstacles19.plist */ = {isa = PBXFileReference; fileEncoding = 4; lastKnownFileType = text.plist.xml; path = obstacles19.plist; sourceTree = "<group>"; };
		20FB5E841D8F50BB00CAACD7 /* obstacles20.plist */ = {isa = PBXFileReference; fileEncoding = 4; lastKnownFileType = text.plist.xml; path = obstacles20.plist; sourceTree = "<group>"; };
		20FB5E851D8F50BB00CAACD7 /* obstacles21.plist */ = {isa = PBXFileReference; fileEncoding = 4; lastKnownFileType = text.plist.xml; path = obstacles21.plist; sourceTree = "<group>"; };
		20FB5E861D8F50BB00CAACD7 /* obstacles22.plist */ = {isa = PBXFileReference; fileEncoding = 4; lastKnownFileType = text.plist.xml; path = obstacles22.plist; sourceTree = "<group>"; };
		20FB5E871D8F50BB00CAACD7 /* obstacles23.plist */ = {isa = PBXFileReference; fileEncoding = 4; lastKnownFileType = text.plist.xml; path = obstacles23.plist; sourceTree = "<group>"; };
		20FB5E881D8F50BB00CAACD7 /* obstacles24.plist */ = {isa = PBXFileReference; fileEncoding = 4; lastKnownFileType = text.plist.xml; path = obstacles24.plist; sourceTree = "<group>"; };
		20FB5E891D8F50BB00CAACD7 /* obstacles25.plist */ = {isa = PBXFileReference; fileEncoding = 4; lastKnownFileType = text.plist.xml; path = obstacles25.plist; sourceTree = "<group>"; };
		20FB5E8A1D8F50BB00CAACD7 /* obstacles26.plist */ = {isa = PBXFileReference; fileEncoding = 4; lastKnownFileType = text.plist.xml; path = obstacles26.plist; sourceTree = "<group>"; };
		20FB5E8B1D8F50BB00CAACD7 /* obstacles27.plist */ = {isa = PBXFileReference; fileEncoding = 4; lastKnownFileType = text.plist.xml; path = obstacles27.plist; sourceTree = "<group>"; };
		20FB5E8C1D8F50BB00CAACD7 /* obstacles28.plist */ = {isa = PBXFileReference; fileEncoding = 4; lastKnownFileType = text.plist.xml; path = obstacles28.plist; sourceTree = "<group>"; };
		20FB5E8D1D8F50BB00CAACD7 /* obstacles29.plist */ = {isa = PBXFileReference; fileEncoding = 4; lastKnownFileType = text.plist.xml; path = obstacles29.plist; sourceTree = "<group>"; };
		20FB5E8E1D8F50BB00CAACD7 /* obstacles30.plist */ = {isa = PBXFileReference; fileEncoding = 4; lastKnownFileType = text.plist.xml; path = obstacles30.plist; sourceTree = "<group>"; };
		20FB5E901D8F50BB00CAACD7 /* operators6.plist */ = {isa = PBXFileReference; fileEncoding = 4; lastKnownFileType = text.plist.xml; path = operators6.plist; sourceTree = "<group>"; };
		20FB5E941D8F50BB00CAACD7 /* operators10.plist */ = {isa = PBXFileReference; fileEncoding = 4; lastKnownFileType = text.plist.xml; path = operators10.plist; sourceTree = "<group>"; };
		20FB5E951D8F50BB00CAACD7 /* operators11.plist */ = {isa = PBXFileReference; fileEncoding = 4; lastKnownFileType = text.plist.xml; path = operators11.plist; sourceTree = "<group>"; };
		20FB5E961D8F50BB00CAACD7 /* operators12.plist */ = {isa = PBXFileReference; fileEncoding = 4; lastKnownFileType = text.plist.xml; path = operators12.plist; sourceTree = "<group>"; };
		20FB5E971D8F50BB00CAACD7 /* operators13.plist */ = {isa = PBXFileReference; fileEncoding = 4; lastKnownFileType = text.plist.xml; path = operators13.plist; sourceTree = "<group>"; };
		20FB5E981D8F50BB00CAACD7 /* operators14.plist */ = {isa = PBXFileReference; fileEncoding = 4; lastKnownFileType = text.plist.xml; path = operators14.plist; sourceTree = "<group>"; };
		20FB5E991D8F50BB00CAACD7 /* operators15.plist */ = {isa = PBXFileReference; fileEncoding = 4; lastKnownFileType = text.plist.xml; path = operators15.plist; sourceTree = "<group>"; };
		20FB5E9A1D8F50BB00CAACD7 /* operators16.plist */ = {isa = PBXFileReference; fileEncoding = 4; lastKnownFileType = text.plist.xml; path = operators16.plist; sourceTree = "<group>"; };
		20FB5E9B1D8F50BB00CAACD7 /* operators17.plist */ = {isa = PBXFileReference; fileEncoding = 4; lastKnownFileType = text.plist.xml; path = operators17.plist; sourceTree = "<group>"; };
		20FB5E9C1D8F50BB00CAACD7 /* operators18.plist */ = {isa = PBXFileReference; fileEncoding = 4; lastKnownFileType = text.plist.xml; path = operators18.plist; sourceTree = "<group>"; };
		20FB5E9D1D8F50BB00CAACD7 /* operators19.plist */ = {isa = PBXFileReference; fileEncoding = 4; lastKnownFileType = text.plist.xml; path = operators19.plist; sourceTree = "<group>"; };
		20FB5E9E1D8F50BB00CAACD7 /* operators20.plist */ = {isa = PBXFileReference; fileEncoding = 4; lastKnownFileType = text.plist.xml; path = operators20.plist; sourceTree = "<group>"; };
		20FB5E9F1D8F50BB00CAACD7 /* operators21.plist */ = {isa = PBXFileReference; fileEncoding = 4; lastKnownFileType = text.plist.xml; path = operators21.plist; sourceTree = "<group>"; };
		20FB5EA01D8F50BB00CAACD7 /* operators22.plist */ = {isa = PBXFileReference; fileEncoding = 4; lastKnownFileType = text.plist.xml; path = operators22.plist; sourceTree = "<group>"; };
		20FB5EA11D8F50BB00CAACD7 /* operators23.plist */ = {isa = PBXFileReference; fileEncoding = 4; lastKnownFileType = text.plist.xml; path = operators23.plist; sourceTree = "<group>"; };
		20FB5EA21D8F50BB00CAACD7 /* operators24.plist */ = {isa = PBXFileReference; fileEncoding = 4; lastKnownFileType = text.plist.xml; path = operators24.plist; sourceTree = "<group>"; };
		20FB5EA31D8F50BB00CAACD7 /* operators25.plist */ = {isa = PBXFileReference; fileEncoding = 4; lastKnownFileType = text.plist.xml; path = operators25.plist; sourceTree = "<group>"; };
		20FB5EA41D8F50BB00CAACD7 /* operators26.plist */ = {isa = PBXFileReference; fileEncoding = 4; lastKnownFileType = text.plist.xml; path = operators26.plist; sourceTree = "<group>"; };
		20FB5EA51D8F50BB00CAACD7 /* operators27.plist */ = {isa = PBXFileReference; fileEncoding = 4; lastKnownFileType = text.plist.xml; path = operators27.plist; sourceTree = "<group>"; };
		20FB5EA61D8F50BB00CAACD7 /* operators28.plist */ = {isa = PBXFileReference; fileEncoding = 4; lastKnownFileType = text.plist.xml; path = operators28.plist; sourceTree = "<group>"; };
		20FB5EA71D8F50BB00CAACD7 /* operators29.plist */ = {isa = PBXFileReference; fileEncoding = 4; lastKnownFileType = text.plist.xml; path = operators29.plist; sourceTree = "<group>"; };
		20FB5EA81D8F50BB00CAACD7 /* operators30.plist */ = {isa = PBXFileReference; fileEncoding = 4; lastKnownFileType = text.plist.xml; path = operators30.plist; sourceTree = "<group>"; };
		20FB5EDB1D8F50CE00CAACD7 /* startAndSink6.plist */ = {isa = PBXFileReference; fileEncoding = 4; lastKnownFileType = text.plist.xml; path = startAndSink6.plist; sourceTree = "<group>"; };
		20FB5EDF1D8F50CE00CAACD7 /* startAndSink10.plist */ = {isa = PBXFileReference; fileEncoding = 4; lastKnownFileType = text.plist.xml; path = startAndSink10.plist; sourceTree = "<group>"; };
		20FB5EE01D8F50CE00CAACD7 /* startAndSink11.plist */ = {isa = PBXFileReference; fileEncoding = 4; lastKnownFileType = text.plist.xml; path = startAndSink11.plist; sourceTree = "<group>"; };
		20FB5EE11D8F50CE00CAACD7 /* startAndSink12.plist */ = {isa = PBXFileReference; fileEncoding = 4; lastKnownFileType = text.plist.xml; path = startAndSink12.plist; sourceTree = "<group>"; };
		20FB5EE21D8F50CE00CAACD7 /* startAndSink13.plist */ = {isa = PBXFileReference; fileEncoding = 4; lastKnownFileType = text.plist.xml; path = startAndSink13.plist; sourceTree = "<group>"; };
		20FB5EE31D8F50CE00CAACD7 /* startAndSink14.plist */ = {isa = PBXFileReference; fileEncoding = 4; lastKnownFileType = text.plist.xml; path = startAndSink14.plist; sourceTree = "<group>"; };
		20FB5EE41D8F50CE00CAACD7 /* startAndSink15.plist */ = {isa = PBXFileReference; fileEncoding = 4; lastKnownFileType = text.plist.xml; path = startAndSink15.plist; sourceTree = "<group>"; };
		20FB5EE51D8F50CE00CAACD7 /* startAndSink16.plist */ = {isa = PBXFileReference; fileEncoding = 4; lastKnownFileType = text.plist.xml; path = startAndSink16.plist; sourceTree = "<group>"; };
		20FB5EE61D8F50CE00CAACD7 /* startAndSink17.plist */ = {isa = PBXFileReference; fileEncoding = 4; lastKnownFileType = text.plist.xml; path = startAndSink17.plist; sourceTree = "<group>"; };
		20FB5EE71D8F50CE00CAACD7 /* startAndSink18.plist */ = {isa = PBXFileReference; fileEncoding = 4; lastKnownFileType = text.plist.xml; path = startAndSink18.plist; sourceTree = "<group>"; };
		20FB5EE81D8F50CE00CAACD7 /* startAndSink19.plist */ = {isa = PBXFileReference; fileEncoding = 4; lastKnownFileType = text.plist.xml; path = startAndSink19.plist; sourceTree = "<group>"; };
		20FB5EE91D8F50CE00CAACD7 /* startAndSink20.plist */ = {isa = PBXFileReference; fileEncoding = 4; lastKnownFileType = text.plist.xml; path = startAndSink20.plist; sourceTree = "<group>"; };
		20FB5EEA1D8F50CE00CAACD7 /* startAndSink21.plist */ = {isa = PBXFileReference; fileEncoding = 4; lastKnownFileType = text.plist.xml; path = startAndSink21.plist; sourceTree = "<group>"; };
		20FB5EEB1D8F50CE00CAACD7 /* startAndSink22.plist */ = {isa = PBXFileReference; fileEncoding = 4; lastKnownFileType = text.plist.xml; path = startAndSink22.plist; sourceTree = "<group>"; };
		20FB5EEC1D8F50CE00CAACD7 /* startAndSink23.plist */ = {isa = PBXFileReference; fileEncoding = 4; lastKnownFileType = text.plist.xml; path = startAndSink23.plist; sourceTree = "<group>"; };
		20FB5EED1D8F50CE00CAACD7 /* startAndSink24.plist */ = {isa = PBXFileReference; fileEncoding = 4; lastKnownFileType = text.plist.xml; path = startAndSink24.plist; sourceTree = "<group>"; };
		20FB5EEE1D8F50CE00CAACD7 /* startAndSink25.plist */ = {isa = PBXFileReference; fileEncoding = 4; lastKnownFileType = text.plist.xml; path = startAndSink25.plist; sourceTree = "<group>"; };
		20FB5EEF1D8F50CE00CAACD7 /* startAndSink26.plist */ = {isa = PBXFileReference; fileEncoding = 4; lastKnownFileType = text.plist.xml; path = startAndSink26.plist; sourceTree = "<group>"; };
		20FB5EF01D8F50CE00CAACD7 /* startAndSink27.plist */ = {isa = PBXFileReference; fileEncoding = 4; lastKnownFileType = text.plist.xml; path = startAndSink27.plist; sourceTree = "<group>"; };
		20FB5EF11D8F50CE00CAACD7 /* startAndSink28.plist */ = {isa = PBXFileReference; fileEncoding = 4; lastKnownFileType = text.plist.xml; path = startAndSink28.plist; sourceTree = "<group>"; };
		20FB5EF21D8F50CE00CAACD7 /* startAndSink29.plist */ = {isa = PBXFileReference; fileEncoding = 4; lastKnownFileType = text.plist.xml; path = startAndSink29.plist; sourceTree = "<group>"; };
		20FB5EF31D8F50CE00CAACD7 /* startAndSink30.plist */ = {isa = PBXFileReference; fileEncoding = 4; lastKnownFileType = text.plist.xml; path = startAndSink30.plist; sourceTree = "<group>"; };
/* End PBXFileReference section */

/* Begin PBXFrameworksBuildPhase section */
		204663CC1D795A4C0019B96A /* Frameworks */ = {
			isa = PBXFrameworksBuildPhase;
			buildActionMask = 2147483647;
			files = (
			);
			runOnlyForDeploymentPostprocessing = 0;
		};
/* End PBXFrameworksBuildPhase section */

/* Begin PBXGroup section */
		20415C761D8A1BBF00AB1F0D /* GameLevel */ = {
			isa = PBXGroup;
			children = (
				2097BF981D7E252A00E59D12 /* GameLevelScene.swift */,
				208FB0151D8D540700180EAE /* MessageNode.swift */,
				200D57201D873E3E0002BFD2 /* PlayerNode.swift */,
				20D2F9841D894D360081AA19 /* OperatorNode.swift */,
				20415C781D8A1D4000AB1F0D /* SinkNode.swift */,
			);
			name = GameLevel;
			sourceTree = "<group>";
		};
		20415C771D8A1C1200AB1F0D /* sksFiles */ = {
			isa = PBXGroup;
			children = (
				2097BFA61D7E3C9800E59D12 /* IntroScene.sks */,
				2097BFA41D7E3C5500E59D12 /* GameLevelScene.sks */,
				20B1257E1D8CAE4C0022EAFA /* AfterLevelScene.sks */,
				201E09521D8E685B0088B86E /* SettingsScene.sks */,
				2097BFA81D7E3CBB00E59D12 /* InstructionsScene.sks */,
				2097BFA21D7E3C3900E59D12 /* MenuScene.sks */,
			);
			name = sksFiles;
			sourceTree = "<group>";
		};
		204663C61D795A4C0019B96A = {
			isa = PBXGroup;
			children = (
				20D779C11D8EC2F400379C9E /* levels1to30 */,
				208FB0211D8D959500180EAE /* Particles */,
				204663D11D795A4C0019B96A /* Square Root Marbles */,
				204663D01D795A4C0019B96A /* Products */,
			);
			sourceTree = "<group>";
		};
		204663D01D795A4C0019B96A /* Products */ = {
			isa = PBXGroup;
			children = (
				204663CF1D795A4C0019B96A /* Square Root Marbles.app */,
			);
			name = Products;
			sourceTree = "<group>";
		};
		204663D11D795A4C0019B96A /* Square Root Marbles */ = {
			isa = PBXGroup;
			children = (
				206540991D7C16590082D92D /* GeneralConstants.swift */,
				20415C771D8A1C1200AB1F0D /* sksFiles */,
				20415C761D8A1BBF00AB1F0D /* GameLevel */,
				20B125801D8CB9280022EAFA /* SupportScenes */,
				20B125881D8CBB410022EAFA /* Infrastructure */,
				20B125871D8CBAC60022EAFA /* LevelStructure */,
				204663DD1D795A4C0019B96A /* Assets.xcassets */,
				20B125891D8CBC8F0022EAFA /* Sounds */,
			);
			path = "Square Root Marbles";
			sourceTree = "<group>";
		};
		208FB0211D8D959500180EAE /* Particles */ = {
			isa = PBXGroup;
			children = (
				208FB01C1D8D921C00180EAE /* spark.png */,
				208FB01B1D8D921C00180EAE /* SquareRootParticle.sks */,
				208FB01F1D8D958E00180EAE /* BadExplosionParticle.sks */,
			);
			name = Particles;
			sourceTree = "<group>";
		};
		20B125801D8CB9280022EAFA /* SupportScenes */ = {
			isa = PBXGroup;
			children = (
				2097BF9E1D7E257900E59D12 /* MenuScene.swift */,
				2097BF9C1D7E256000E59D12 /* IntroScene.swift */,
				2097BF9A1D7E254700E59D12 /* InstructionsScence.swift */,
				20B125811D8CB97C0022EAFA /* AfterLevelScene.swift */,
				201E09541D8E68870088B86E /* SettingsScene.swift */,
			);
			name = SupportScenes;
			sourceTree = "<group>";
		};
		20B125871D8CBAC60022EAFA /* LevelStructure */ = {
			isa = PBXGroup;
			children = (
				2079F8621D86094000F74E4E /* LevelsPlan.swift */,
				204663EA1D7963A00019B96A /* GameLevelDesignInfo.swift */,
				204663E81D79615A0019B96A /* GameLevelModel.swift */,
			);
			name = LevelStructure;
			sourceTree = "<group>";
		};
		20B125881D8CBB410022EAFA /* Infrastructure */ = {
			isa = PBXGroup;
			children = (
				204663D21D795A4C0019B96A /* AppDelegate.swift */,
				204663D81D795A4C0019B96A /* GameViewController.swift */,
				20C565731D8105380011846E /* Plist.swift */,
				204663DA1D795A4C0019B96A /* Main.storyboard */,
				204663DF1D795A4C0019B96A /* LaunchScreen.storyboard */,
				204663E21D795A4C0019B96A /* Info.plist */,
			);
			name = Infrastructure;
			sourceTree = "<group>";
		};
		20B125891D8CBC8F0022EAFA /* Sounds */ = {
			isa = PBXGroup;
			children = (
				20CB3AE91D902C870005C590 /* knock.wav */,
				20AEB33C1D8E41B500FC40D8 /* robotBlip.wav */,
				20A7CC4F1D8AE68E00A06482 /* sms-alert-1-daniel_simon.wav */,
				201E3CD91D909E77006C18C6 /* 0015_game_event_02_victory.wav */,
				201E3CDA1D909E77006C18C6 /* 0015_game_event_03_achieve.wav */,
				201E3CDD1D909FAD006C18C6 /* 136_full_efficiency_0159.mp3 */,
			);
			name = Sounds;
			sourceTree = "<group>";
		};
		20D779C11D8EC2F400379C9E /* levels1to30 */ = {
			isa = PBXGroup;
			children = (
				201E3CE31D911797006C18C6 /* obstacles1.plist */,
				20D779C81D8ED02E00379C9E /* obstacles2.plist */,
				201E3CE41D911797006C18C6 /* obstacles3.plist */,
				201E3D071D912246006C18C6 /* obstacles4.plist */,
				201E3D091D91225B006C18C6 /* obstacles5.plist */,
				20FB5E731D8F509C00CAACD7 /* obstacles6.plist */,
				201E3D0A1D91225B006C18C6 /* obstacles7.plist */,
				201E3D171D912BDD006C18C6 /* obstacles8.plist */,
				201E3D1F1D912D3A006C18C6 /* obstacles9.plist */,
				20FB5E7A1D8F50BB00CAACD7 /* obstacles10.plist */,
				20FB5E7B1D8F50BB00CAACD7 /* obstacles11.plist */,
				20FB5E7C1D8F50BB00CAACD7 /* obstacles12.plist */,
				20FB5E7D1D8F50BB00CAACD7 /* obstacles13.plist */,
				20FB5E7E1D8F50BB00CAACD7 /* obstacles14.plist */,
				20FB5E7F1D8F50BB00CAACD7 /* obstacles15.plist */,
				20FB5E801D8F50BB00CAACD7 /* obstacles16.plist */,
				20FB5E811D8F50BB00CAACD7 /* obstacles17.plist */,
				20FB5E821D8F50BB00CAACD7 /* obstacles18.plist */,
				20FB5E831D8F50BB00CAACD7 /* obstacles19.plist */,
				20FB5E841D8F50BB00CAACD7 /* obstacles20.plist */,
				20FB5E851D8F50BB00CAACD7 /* obstacles21.plist */,
				20FB5E861D8F50BB00CAACD7 /* obstacles22.plist */,
				20FB5E871D8F50BB00CAACD7 /* obstacles23.plist */,
				20FB5E881D8F50BB00CAACD7 /* obstacles24.plist */,
				20FB5E891D8F50BB00CAACD7 /* obstacles25.plist */,
				20FB5E8A1D8F50BB00CAACD7 /* obstacles26.plist */,
				20FB5E8B1D8F50BB00CAACD7 /* obstacles27.plist */,
				20FB5E8C1D8F50BB00CAACD7 /* obstacles28.plist */,
				20FB5E8D1D8F50BB00CAACD7 /* obstacles29.plist */,
				20FB5E8E1D8F50BB00CAACD7 /* obstacles30.plist */,
				201E3CE51D911797006C18C6 /* operators1.plist */,
				20D779C91D8ED02E00379C9E /* operators2.plist */,
				201E3CE61D911797006C18C6 /* operators3.plist */,
				201E3CF21D911F63006C18C6 /* operators4.plist */,
				201E3D0D1D912272006C18C6 /* operators5.plist */,
				20FB5E901D8F50BB00CAACD7 /* operators6.plist */,
				201E3D0E1D912272006C18C6 /* operators7.plist */,
				201E3D021D9121F8006C18C6 /* operators8.plist */,
				201E3D201D912D3A006C18C6 /* operators9.plist */,
				20FB5E941D8F50BB00CAACD7 /* operators10.plist */,
				20FB5E951D8F50BB00CAACD7 /* operators11.plist */,
				20FB5E961D8F50BB00CAACD7 /* operators12.plist */,
				20FB5E971D8F50BB00CAACD7 /* operators13.plist */,
				20FB5E981D8F50BB00CAACD7 /* operators14.plist */,
				20FB5E991D8F50BB00CAACD7 /* operators15.plist */,
				20FB5E9A1D8F50BB00CAACD7 /* operators16.plist */,
				20FB5E9B1D8F50BB00CAACD7 /* operators17.plist */,
				20FB5E9C1D8F50BB00CAACD7 /* operators18.plist */,
				20FB5E9D1D8F50BB00CAACD7 /* operators19.plist */,
				20FB5E9E1D8F50BB00CAACD7 /* operators20.plist */,
				20FB5E9F1D8F50BB00CAACD7 /* operators21.plist */,
				20FB5EA01D8F50BB00CAACD7 /* operators22.plist */,
				20FB5EA11D8F50BB00CAACD7 /* operators23.plist */,
				20FB5EA21D8F50BB00CAACD7 /* operators24.plist */,
				20FB5EA31D8F50BB00CAACD7 /* operators25.plist */,
				20FB5EA41D8F50BB00CAACD7 /* operators26.plist */,
				20FB5EA51D8F50BB00CAACD7 /* operators27.plist */,
				20FB5EA61D8F50BB00CAACD7 /* operators28.plist */,
				20FB5EA71D8F50BB00CAACD7 /* operators29.plist */,
				20FB5EA81D8F50BB00CAACD7 /* operators30.plist */,
				201E3CE71D911797006C18C6 /* startAndSink1.plist */,
				20D779CA1D8ED02E00379C9E /* startAndSink2.plist */,
				201E3CE81D911797006C18C6 /* startAndSink3.plist */,
				201E3D111D912297006C18C6 /* startAndSink4.plist */,
				201E3D121D912297006C18C6 /* startAndSink5.plist */,
				20FB5EDB1D8F50CE00CAACD7 /* startAndSink6.plist */,
				201E3D131D912297006C18C6 /* startAndSink7.plist */,
				201E3D031D9121F8006C18C6 /* startAndSink8.plist */,
				201E3D211D912D3A006C18C6 /* startAndSink9.plist */,
				20FB5EDF1D8F50CE00CAACD7 /* startAndSink10.plist */,
				20FB5EE01D8F50CE00CAACD7 /* startAndSink11.plist */,
				20FB5EE11D8F50CE00CAACD7 /* startAndSink12.plist */,
				20FB5EE21D8F50CE00CAACD7 /* startAndSink13.plist */,
				20FB5EE31D8F50CE00CAACD7 /* startAndSink14.plist */,
				20FB5EE41D8F50CE00CAACD7 /* startAndSink15.plist */,
				20FB5EE51D8F50CE00CAACD7 /* startAndSink16.plist */,
				20FB5EE61D8F50CE00CAACD7 /* startAndSink17.plist */,
				20FB5EE71D8F50CE00CAACD7 /* startAndSink18.plist */,
				20FB5EE81D8F50CE00CAACD7 /* startAndSink19.plist */,
				20FB5EE91D8F50CE00CAACD7 /* startAndSink20.plist */,
				20FB5EEA1D8F50CE00CAACD7 /* startAndSink21.plist */,
				20FB5EEB1D8F50CE00CAACD7 /* startAndSink22.plist */,
				20FB5EEC1D8F50CE00CAACD7 /* startAndSink23.plist */,
				20FB5EED1D8F50CE00CAACD7 /* startAndSink24.plist */,
				20FB5EEE1D8F50CE00CAACD7 /* startAndSink25.plist */,
				20FB5EEF1D8F50CE00CAACD7 /* startAndSink26.plist */,
				20FB5EF01D8F50CE00CAACD7 /* startAndSink27.plist */,
				20FB5EF11D8F50CE00CAACD7 /* startAndSink28.plist */,
				20FB5EF21D8F50CE00CAACD7 /* startAndSink29.plist */,
				20FB5EF31D8F50CE00CAACD7 /* startAndSink30.plist */,
			);
			name = levels1to30;
			sourceTree = "<group>";
		};
/* End PBXGroup section */

/* Begin PBXNativeTarget section */
		204663CE1D795A4C0019B96A /* Square Root Marbles */ = {
			isa = PBXNativeTarget;
			buildConfigurationList = 204663E51D795A4C0019B96A /* Build configuration list for PBXNativeTarget "Square Root Marbles" */;
			buildPhases = (
				204663CB1D795A4C0019B96A /* Sources */,
				204663CC1D795A4C0019B96A /* Frameworks */,
				204663CD1D795A4C0019B96A /* Resources */,
			);
			buildRules = (
			);
			dependencies = (
			);
			name = "Square Root Marbles";
			productName = "Square Root Marbles";
			productReference = 204663CF1D795A4C0019B96A /* Square Root Marbles.app */;
			productType = "com.apple.product-type.application";
		};
/* End PBXNativeTarget section */

/* Begin PBXProject section */
		204663C71D795A4C0019B96A /* Project object */ = {
			isa = PBXProject;
			attributes = {
				LastSwiftUpdateCheck = 0730;
				LastUpgradeCheck = 0730;
				ORGANIZATIONNAME = oneonepsilon;
				TargetAttributes = {
					204663CE1D795A4C0019B96A = {
						CreatedOnToolsVersion = 7.3.1;
					};
				};
			};
			buildConfigurationList = 204663CA1D795A4C0019B96A /* Build configuration list for PBXProject "Square Root Marbles" */;
			compatibilityVersion = "Xcode 3.2";
			developmentRegion = English;
			hasScannedForEncodings = 0;
			knownRegions = (
				en,
				Base,
			);
			mainGroup = 204663C61D795A4C0019B96A;
			productRefGroup = 204663D01D795A4C0019B96A /* Products */;
			projectDirPath = "";
			projectRoot = "";
			targets = (
				204663CE1D795A4C0019B96A /* Square Root Marbles */,
			);
		};
/* End PBXProject section */

/* Begin PBXResourcesBuildPhase section */
		204663CD1D795A4C0019B96A /* Resources */ = {
			isa = PBXResourcesBuildPhase;
			buildActionMask = 2147483647;
			files = (
				20FB5ED21D8F50BB00CAACD7 /* operators23.plist in Resources */,
				201E3CDB1D909E77006C18C6 /* 0015_game_event_02_victory.wav in Resources */,
				20FB5EB21D8F50BB00CAACD7 /* obstacles17.plist in Resources */,
				204663E11D795A4C0019B96A /* LaunchScreen.storyboard in Resources */,
				20FB5ED81D8F50BB00CAACD7 /* operators29.plist in Resources */,
				20D779CC1D8ED02E00379C9E /* operators2.plist in Resources */,
				20FB5EFD1D8F50CE00CAACD7 /* startAndSink14.plist in Resources */,
				20FB5ED71D8F50BB00CAACD7 /* operators28.plist in Resources */,
				20FB5EBB1D8F50BB00CAACD7 /* obstacles26.plist in Resources */,
				20FB5EFE1D8F50CE00CAACD7 /* startAndSink15.plist in Resources */,
				20FB5ECF1D8F50BB00CAACD7 /* operators20.plist in Resources */,
				20FB5EC61D8F50BB00CAACD7 /* operators11.plist in Resources */,
				20FB5EC91D8F50BB00CAACD7 /* operators14.plist in Resources */,
				20FB5EB61D8F50BB00CAACD7 /* obstacles21.plist in Resources */,
				20FB5EBC1D8F50BB00CAACD7 /* obstacles27.plist in Resources */,
				2097BFA71D7E3C9800E59D12 /* IntroScene.sks in Resources */,
				208FB0201D8D958E00180EAE /* BadExplosionParticle.sks in Resources */,
				20FB5ECC1D8F50BB00CAACD7 /* operators17.plist in Resources */,
				204663DE1D795A4C0019B96A /* Assets.xcassets in Resources */,
				20FB5EB31D8F50BB00CAACD7 /* obstacles18.plist in Resources */,
				201E3D151D912297006C18C6 /* startAndSink5.plist in Resources */,
				20FB5F0D1D8F50CE00CAACD7 /* startAndSink30.plist in Resources */,
				201E3D231D912D3A006C18C6 /* operators9.plist in Resources */,
				201E3D0F1D912272006C18C6 /* operators5.plist in Resources */,
				20FB5EBE1D8F50BB00CAACD7 /* obstacles29.plist in Resources */,
				201E3CE91D911797006C18C6 /* obstacles1.plist in Resources */,
				20FB5ED41D8F50BB00CAACD7 /* operators25.plist in Resources */,
				20FB5ED31D8F50BB00CAACD7 /* operators24.plist in Resources */,
				20FB5ED11D8F50BB00CAACD7 /* operators22.plist in Resources */,
				20FB5EB01D8F50BB00CAACD7 /* obstacles15.plist in Resources */,
				201E3D061D9121F8006C18C6 /* startAndSink8.plist in Resources */,
				20FB5ED01D8F50BB00CAACD7 /* operators21.plist in Resources */,
				20FB5F091D8F50CE00CAACD7 /* startAndSink26.plist in Resources */,
				201E3D141D912297006C18C6 /* startAndSink4.plist in Resources */,
				20FB5F061D8F50CE00CAACD7 /* startAndSink23.plist in Resources */,
				20D779CD1D8ED02E00379C9E /* startAndSink2.plist in Resources */,
				20FB5ED51D8F50BB00CAACD7 /* operators26.plist in Resources */,
				20FB5EFB1D8F50CE00CAACD7 /* startAndSink12.plist in Resources */,
				201E3CEE1D911797006C18C6 /* startAndSink3.plist in Resources */,
				20FB5F041D8F50CE00CAACD7 /* startAndSink21.plist in Resources */,
				201E3CEC1D911797006C18C6 /* operators3.plist in Resources */,
				20FB5EBA1D8F50BB00CAACD7 /* obstacles25.plist in Resources */,
				20FB5F001D8F50CE00CAACD7 /* startAndSink17.plist in Resources */,
				20FB5EB41D8F50BB00CAACD7 /* obstacles19.plist in Resources */,
				20FB5EB71D8F50BB00CAACD7 /* obstacles22.plist in Resources */,
				20FB5EFF1D8F50CE00CAACD7 /* startAndSink16.plist in Resources */,
				201E3CDE1D909FAD006C18C6 /* 136_full_efficiency_0159.mp3 in Resources */,
				20FB5ED91D8F50BB00CAACD7 /* operators30.plist in Resources */,
				201E3D051D9121F8006C18C6 /* operators8.plist in Resources */,
				2097BFA31D7E3C3900E59D12 /* MenuScene.sks in Resources */,
				20AEB33D1D8E41B500FC40D8 /* robotBlip.wav in Resources */,
				20FB5EAD1D8F50BB00CAACD7 /* obstacles12.plist in Resources */,
				208FB01D1D8D921C00180EAE /* SquareRootParticle.sks in Resources */,
				20FB5ECA1D8F50BB00CAACD7 /* operators15.plist in Resources */,
				201E3D221D912D3A006C18C6 /* obstacles9.plist in Resources */,
				20D779CB1D8ED02E00379C9E /* obstacles2.plist in Resources */,
				20FB5EAF1D8F50BB00CAACD7 /* obstacles14.plist in Resources */,
				20FB5EC11D8F50BB00CAACD7 /* operators6.plist in Resources */,
				201E3D0C1D91225B006C18C6 /* obstacles7.plist in Resources */,
				20B1257F1D8CAE4C0022EAFA /* AfterLevelScene.sks in Resources */,
				20FB5ED61D8F50BB00CAACD7 /* operators27.plist in Resources */,
				20FB5EFA1D8F50CE00CAACD7 /* startAndSink11.plist in Resources */,
				204663DC1D795A4C0019B96A /* Main.storyboard in Resources */,
				201E3D0B1D91225B006C18C6 /* obstacles5.plist in Resources */,
				20FB5F011D8F50CE00CAACD7 /* startAndSink18.plist in Resources */,
				20FB5F081D8F50CE00CAACD7 /* startAndSink25.plist in Resources */,
				20FB5ECD1D8F50BB00CAACD7 /* operators18.plist in Resources */,
				20FB5F0A1D8F50CE00CAACD7 /* startAndSink27.plist in Resources */,
				20FB5F031D8F50CE00CAACD7 /* startAndSink20.plist in Resources */,
				20FB5EF91D8F50CE00CAACD7 /* startAndSink10.plist in Resources */,
				20FB5EB81D8F50BB00CAACD7 /* obstacles23.plist in Resources */,
				20FB5EAC1D8F50BB00CAACD7 /* obstacles11.plist in Resources */,
				208FB01E1D8D921C00180EAE /* spark.png in Resources */,
				20FB5EF51D8F50CE00CAACD7 /* startAndSink6.plist in Resources */,
				20CB3AEA1D902C870005C590 /* knock.wav in Resources */,
				2097BFA51D7E3C5500E59D12 /* GameLevelScene.sks in Resources */,
				20FB5EC81D8F50BB00CAACD7 /* operators13.plist in Resources */,
				201E3D101D912272006C18C6 /* operators7.plist in Resources */,
				20FB5EAE1D8F50BB00CAACD7 /* obstacles13.plist in Resources */,
				20FB5EB11D8F50BB00CAACD7 /* obstacles16.plist in Resources */,
				20FB5F0B1D8F50CE00CAACD7 /* startAndSink28.plist in Resources */,
				20FB5F071D8F50CE00CAACD7 /* startAndSink24.plist in Resources */,
				20FB5EBF1D8F50BB00CAACD7 /* obstacles30.plist in Resources */,
				20FB5F021D8F50CE00CAACD7 /* startAndSink19.plist in Resources */,
				20FB5EC71D8F50BB00CAACD7 /* operators12.plist in Resources */,
				20FB5ECB1D8F50BB00CAACD7 /* operators16.plist in Resources */,
				201E3CFB1D911F63006C18C6 /* operators4.plist in Resources */,
				20A7CC501D8AE68E00A06482 /* sms-alert-1-daniel_simon.wav in Resources */,
				201E3CEA1D911797006C18C6 /* obstacles3.plist in Resources */,
				201E3D191D912BDD006C18C6 /* obstacles8.plist in Resources */,
				20FB5EAB1D8F50BB00CAACD7 /* obstacles10.plist in Resources */,
				2097BFA91D7E3CBB00E59D12 /* InstructionsScene.sks in Resources */,
				20FB5F0C1D8F50CE00CAACD7 /* startAndSink29.plist in Resources */,
				20FB5EB51D8F50BB00CAACD7 /* obstacles20.plist in Resources */,
				201E3D081D912246006C18C6 /* obstacles4.plist in Resources */,
				20FB5EB91D8F50BB00CAACD7 /* obstacles24.plist in Resources */,
				20FB5ECE1D8F50BB00CAACD7 /* operators19.plist in Resources */,
				20FB5F051D8F50CE00CAACD7 /* startAndSink22.plist in Resources */,
				20FB5EBD1D8F50BB00CAACD7 /* obstacles28.plist in Resources */,
				201E3CEB1D911797006C18C6 /* operators1.plist in Resources */,
				201E09531D8E685B0088B86E /* SettingsScene.sks in Resources */,
				20FB5E761D8F509C00CAACD7 /* obstacles6.plist in Resources */,
				201E3CED1D911797006C18C6 /* startAndSink1.plist in Resources */,
				201E3D161D912297006C18C6 /* startAndSink7.plist in Resources */,
				201E3D241D912D3A006C18C6 /* startAndSink9.plist in Resources */,
				201E3CDC1D909E77006C18C6 /* 0015_game_event_03_achieve.wav in Resources */,
				20FB5EFC1D8F50CE00CAACD7 /* startAndSink13.plist in Resources */,
				20FB5EC51D8F50BB00CAACD7 /* operators10.plist in Resources */,
			);
			runOnlyForDeploymentPostprocessing = 0;
		};
/* End PBXResourcesBuildPhase section */

/* Begin PBXSourcesBuildPhase section */
		204663CB1D795A4C0019B96A /* Sources */ = {
			isa = PBXSourcesBuildPhase;
			buildActionMask = 2147483647;
			files = (
				20C565741D8105380011846E /* Plist.swift in Sources */,
				2065409A1D7C16590082D92D /* GeneralConstants.swift in Sources */,
				208FB0161D8D540700180EAE /* MessageNode.swift in Sources */,
				2097BF9B1D7E254700E59D12 /* InstructionsScence.swift in Sources */,
				20D2F9851D894D360081AA19 /* OperatorNode.swift in Sources */,
				204663EB1D7963A00019B96A /* GameLevelDesignInfo.swift in Sources */,
				2079F8631D86094000F74E4E /* LevelsPlan.swift in Sources */,
				2097BF9D1D7E256000E59D12 /* IntroScene.swift in Sources */,
				20B125821D8CB97C0022EAFA /* AfterLevelScene.swift in Sources */,
				200D57211D873E3E0002BFD2 /* PlayerNode.swift in Sources */,
				204663D91D795A4C0019B96A /* GameViewController.swift in Sources */,
				201E09551D8E68870088B86E /* SettingsScene.swift in Sources */,
				204663E91D79615A0019B96A /* GameLevelModel.swift in Sources */,
				20415C791D8A1D4000AB1F0D /* SinkNode.swift in Sources */,
				2097BF9F1D7E257900E59D12 /* MenuScene.swift in Sources */,
				204663D31D795A4C0019B96A /* AppDelegate.swift in Sources */,
				2097BF991D7E252A00E59D12 /* GameLevelScene.swift in Sources */,
			);
			runOnlyForDeploymentPostprocessing = 0;
		};
/* End PBXSourcesBuildPhase section */

/* Begin PBXVariantGroup section */
		204663DA1D795A4C0019B96A /* Main.storyboard */ = {
			isa = PBXVariantGroup;
			children = (
				204663DB1D795A4C0019B96A /* Base */,
			);
			name = Main.storyboard;
			sourceTree = "<group>";
		};
		204663DF1D795A4C0019B96A /* LaunchScreen.storyboard */ = {
			isa = PBXVariantGroup;
			children = (
				204663E01D795A4C0019B96A /* Base */,
			);
			name = LaunchScreen.storyboard;
			sourceTree = "<group>";
		};
/* End PBXVariantGroup section */

/* Begin XCBuildConfiguration section */
		204663E31D795A4C0019B96A /* Debug */ = {
			isa = XCBuildConfiguration;
			buildSettings = {
				ALWAYS_SEARCH_USER_PATHS = NO;
				CLANG_ANALYZER_NONNULL = YES;
				CLANG_CXX_LANGUAGE_STANDARD = "gnu++0x";
				CLANG_CXX_LIBRARY = "libc++";
				CLANG_ENABLE_MODULES = YES;
				CLANG_ENABLE_OBJC_ARC = YES;
				CLANG_WARN_BOOL_CONVERSION = YES;
				CLANG_WARN_CONSTANT_CONVERSION = YES;
				CLANG_WARN_DIRECT_OBJC_ISA_USAGE = YES_ERROR;
				CLANG_WARN_EMPTY_BODY = YES;
				CLANG_WARN_ENUM_CONVERSION = YES;
				CLANG_WARN_INT_CONVERSION = YES;
				CLANG_WARN_OBJC_ROOT_CLASS = YES_ERROR;
				CLANG_WARN_UNREACHABLE_CODE = YES;
				CLANG_WARN__DUPLICATE_METHOD_MATCH = YES;
				"CODE_SIGN_IDENTITY[sdk=iphoneos*]" = "iPhone Developer";
				COPY_PHASE_STRIP = NO;
				DEBUG_INFORMATION_FORMAT = "dwarf-with-dsym";
				ENABLE_STRICT_OBJC_MSGSEND = YES;
				ENABLE_TESTABILITY = YES;
				GCC_C_LANGUAGE_STANDARD = gnu99;
				GCC_DYNAMIC_NO_PIC = NO;
				GCC_NO_COMMON_BLOCKS = YES;
				GCC_OPTIMIZATION_LEVEL = 0;
				GCC_PREPROCESSOR_DEFINITIONS = (
					"DEBUG=1",
					"$(inherited)",
				);
				GCC_WARN_64_TO_32_BIT_CONVERSION = YES;
				GCC_WARN_ABOUT_RETURN_TYPE = YES_ERROR;
				GCC_WARN_UNDECLARED_SELECTOR = YES;
				GCC_WARN_UNINITIALIZED_AUTOS = YES_AGGRESSIVE;
				GCC_WARN_UNUSED_FUNCTION = YES;
				GCC_WARN_UNUSED_VARIABLE = YES;
				IPHONEOS_DEPLOYMENT_TARGET = 9.3;
				MTL_ENABLE_DEBUG_INFO = YES;
				ONLY_ACTIVE_ARCH = YES;
				SDKROOT = iphoneos;
				SWIFT_OPTIMIZATION_LEVEL = "-Onone";
			};
			name = Debug;
		};
		204663E41D795A4C0019B96A /* Release */ = {
			isa = XCBuildConfiguration;
			buildSettings = {
				ALWAYS_SEARCH_USER_PATHS = NO;
				CLANG_ANALYZER_NONNULL = YES;
				CLANG_CXX_LANGUAGE_STANDARD = "gnu++0x";
				CLANG_CXX_LIBRARY = "libc++";
				CLANG_ENABLE_MODULES = YES;
				CLANG_ENABLE_OBJC_ARC = YES;
				CLANG_WARN_BOOL_CONVERSION = YES;
				CLANG_WARN_CONSTANT_CONVERSION = YES;
				CLANG_WARN_DIRECT_OBJC_ISA_USAGE = YES_ERROR;
				CLANG_WARN_EMPTY_BODY = YES;
				CLANG_WARN_ENUM_CONVERSION = YES;
				CLANG_WARN_INT_CONVERSION = YES;
				CLANG_WARN_OBJC_ROOT_CLASS = YES_ERROR;
				CLANG_WARN_UNREACHABLE_CODE = YES;
				CLANG_WARN__DUPLICATE_METHOD_MATCH = YES;
				"CODE_SIGN_IDENTITY[sdk=iphoneos*]" = "iPhone Developer";
				COPY_PHASE_STRIP = NO;
				DEBUG_INFORMATION_FORMAT = "dwarf-with-dsym";
				ENABLE_NS_ASSERTIONS = NO;
				ENABLE_STRICT_OBJC_MSGSEND = YES;
				GCC_C_LANGUAGE_STANDARD = gnu99;
				GCC_NO_COMMON_BLOCKS = YES;
				GCC_WARN_64_TO_32_BIT_CONVERSION = YES;
				GCC_WARN_ABOUT_RETURN_TYPE = YES_ERROR;
				GCC_WARN_UNDECLARED_SELECTOR = YES;
				GCC_WARN_UNINITIALIZED_AUTOS = YES_AGGRESSIVE;
				GCC_WARN_UNUSED_FUNCTION = YES;
				GCC_WARN_UNUSED_VARIABLE = YES;
				IPHONEOS_DEPLOYMENT_TARGET = 9.3;
				MTL_ENABLE_DEBUG_INFO = NO;
				SDKROOT = iphoneos;
				VALIDATE_PRODUCT = YES;
			};
			name = Release;
		};
		204663E61D795A4C0019B96A /* Debug */ = {
			isa = XCBuildConfiguration;
			buildSettings = {
				ASSETCATALOG_COMPILER_APPICON_NAME = AppIcon;
				INFOPLIST_FILE = "Square Root Marbles/Info.plist";
				LD_RUNPATH_SEARCH_PATHS = "$(inherited) @executable_path/Frameworks";
				PRODUCT_BUNDLE_IDENTIFIER = "com.oneonepsilon.Square-Root-Marbles";
				PRODUCT_NAME = "$(TARGET_NAME)";
				TARGETED_DEVICE_FAMILY = 1;
			};
			name = Debug;
		};
		204663E71D795A4C0019B96A /* Release */ = {
			isa = XCBuildConfiguration;
			buildSettings = {
				ASSETCATALOG_COMPILER_APPICON_NAME = AppIcon;
				INFOPLIST_FILE = "Square Root Marbles/Info.plist";
				LD_RUNPATH_SEARCH_PATHS = "$(inherited) @executable_path/Frameworks";
				PRODUCT_BUNDLE_IDENTIFIER = "com.oneonepsilon.Square-Root-Marbles";
				PRODUCT_NAME = "$(TARGET_NAME)";
				TARGETED_DEVICE_FAMILY = 1;
			};
			name = Release;
		};
/* End XCBuildConfiguration section */

/* Begin XCConfigurationList section */
		204663CA1D795A4C0019B96A /* Build configuration list for PBXProject "Square Root Marbles" */ = {
			isa = XCConfigurationList;
			buildConfigurations = (
				204663E31D795A4C0019B96A /* Debug */,
				204663E41D795A4C0019B96A /* Release */,
			);
			defaultConfigurationIsVisible = 0;
			defaultConfigurationName = Release;
		};
		204663E51D795A4C0019B96A /* Build configuration list for PBXNativeTarget "Square Root Marbles" */ = {
			isa = XCConfigurationList;
			buildConfigurations = (
				204663E61D795A4C0019B96A /* Debug */,
				204663E71D795A4C0019B96A /* Release */,
			);
			defaultConfigurationIsVisible = 0;
			defaultConfigurationName = Release;
		};
/* End XCConfigurationList section */
	};
	rootObject = 204663C71D795A4C0019B96A /* Project object */;
}
